// !$*UTF8*$!
{
	archiveVersion = 1;
	classes = {
	};
	objectVersion = 46;
	objects = {

/* Begin PBXBuildFile section */
		190AE0BB186977F90071E892 /* REViewController.m in Sources */ = {isa = PBXBuildFile; fileRef = 190AE0BA186977F90071E892 /* REViewController.m */; };
		190AE0BE1869781F0071E892 /* RENavigationController.m in Sources */ = {isa = PBXBuildFile; fileRef = 190AE0BD1869781F0071E892 /* RENavigationController.m */; };
		192FD107187E3D86005D1A3C /* REBreakRulesInfo.m in Sources */ = {isa = PBXBuildFile; fileRef = 192FD106187E3D86005D1A3C /* REBreakRulesInfo.m */; };
		192FD10A187E4EC1005D1A3C /* REDetailViewController.m in Sources */ = {isa = PBXBuildFile; fileRef = 192FD109187E4EC1005D1A3C /* REDetailViewController.m */; };
		192FD10D187E7F99005D1A3C /* REWebViewController.m in Sources */ = {isa = PBXBuildFile; fileRef = 192FD10C187E7F99005D1A3C /* REWebViewController.m */; };
		192FD114187E8019005D1A3C /* webview_back_hithlighted@2x.png in Resources */ = {isa = PBXBuildFile; fileRef = 192FD10E187E8019005D1A3C /* webview_back_hithlighted@2x.png */; };
		192FD115187E8019005D1A3C /* webview_back_normal@2x.png in Resources */ = {isa = PBXBuildFile; fileRef = 192FD10F187E8019005D1A3C /* webview_back_normal@2x.png */; };
		192FD116187E8019005D1A3C /* webview_forward_highlithed@2x.png in Resources */ = {isa = PBXBuildFile; fileRef = 192FD110187E8019005D1A3C /* webview_forward_highlithed@2x.png */; };
		192FD117187E8019005D1A3C /* webview_forward_normal@2x.png in Resources */ = {isa = PBXBuildFile; fileRef = 192FD111187E8019005D1A3C /* webview_forward_normal@2x.png */; };
		192FD118187E8019005D1A3C /* webview_refresh_hithlighted@2x.png in Resources */ = {isa = PBXBuildFile; fileRef = 192FD112187E8019005D1A3C /* webview_refresh_hithlighted@2x.png */; };
		192FD119187E8019005D1A3C /* webview_refresh_normal@2x.png in Resources */ = {isa = PBXBuildFile; fileRef = 192FD113187E8019005D1A3C /* webview_refresh_normal@2x.png */; };
		192FD126187E874C005D1A3C /* banner_image_place_holder@2x.png in Resources */ = {isa = PBXBuildFile; fileRef = 192FD11A187E874C005D1A3C /* banner_image_place_holder@2x.png */; };
		192FD127187E874C005D1A3C /* banner_place_holder@2x.png in Resources */ = {isa = PBXBuildFile; fileRef = 192FD11B187E874C005D1A3C /* banner_place_holder@2x.png */; };
		192FD12C187E874C005D1A3C /* item_back_normal@2x.png in Resources */ = {isa = PBXBuildFile; fileRef = 192FD120187E874C005D1A3C /* item_back_normal@2x.png */; };
		192FD130187E874C005D1A3C /* navigation_bar@2x.png in Resources */ = {isa = PBXBuildFile; fileRef = 192FD124187E874C005D1A3C /* navigation_bar@2x.png */; };
		192FD134187E88F9005D1A3C /* REMoreViewController.m in Sources */ = {isa = PBXBuildFile; fileRef = 192FD133187E88F9005D1A3C /* REMoreViewController.m */; };
		192FD138187E897B005D1A3C /* CNSShareManager.m in Sources */ = {isa = PBXBuildFile; fileRef = 192FD137187E897B005D1A3C /* CNSShareManager.m */; };
		192FD13D187E8981005D1A3C /* libWeChatSDK.a in Frameworks */ = {isa = PBXBuildFile; fileRef = 192FD13A187E8981005D1A3C /* libWeChatSDK.a */; };
		192FD140187E901F005D1A3C /* REHomePageCell.m in Sources */ = {isa = PBXBuildFile; fileRef = 192FD13F187E901F005D1A3C /* REHomePageCell.m */; };
		1932C66E1884D7FB0026B0A5 /* item_more_normal@2x.png in Resources */ = {isa = PBXBuildFile; fileRef = 1932C66D1884D7FB0026B0A5 /* item_more_normal@2x.png */; };
		193CD72218752916009FF3E3 /* RESelectCarTypeViewController.m in Sources */ = {isa = PBXBuildFile; fileRef = 193CD72118752916009FF3E3 /* RESelectCarTypeViewController.m */; };
		193CD725187563D5009FF3E3 /* RERecallInfo.m in Sources */ = {isa = PBXBuildFile; fileRef = 193CD724187563D5009FF3E3 /* RERecallInfo.m */; };
		193CD72B1875679A009FF3E3 /* APOSwitchPageView.m in Sources */ = {isa = PBXBuildFile; fileRef = 193CD72A1875679A009FF3E3 /* APOSwitchPageView.m */; };
		193CD72E1875680F009FF3E3 /* REDetailListViewController.m in Sources */ = {isa = PBXBuildFile; fileRef = 193CD72D1875680F009FF3E3 /* REDetailListViewController.m */; };
		19400A06188934A1009A2B57 /* REInputVinCodeViewController.m in Sources */ = {isa = PBXBuildFile; fileRef = 19400A05188934A1009A2B57 /* REInputVinCodeViewController.m */; };
		19423AAB1890BB65009E0936 /* last_cell_shadow@2x.png in Resources */ = {isa = PBXBuildFile; fileRef = 19423AAA1890BB65009E0936 /* last_cell_shadow@2x.png */; };
		19423AAD1890C1C2009E0936 /* home_page_logo@2x.png in Resources */ = {isa = PBXBuildFile; fileRef = 19423AAC1890C1C2009E0936 /* home_page_logo@2x.png */; };
		19423AAF1890C7F6009E0936 /* section_title_bg@2x.png in Resources */ = {isa = PBXBuildFile; fileRef = 19423AAE1890C7F6009E0936 /* section_title_bg@2x.png */; };
		19423AB11890C962009E0936 /* homepage_add_car_bg@2x.png in Resources */ = {isa = PBXBuildFile; fileRef = 19423AB01890C962009E0936 /* homepage_add_car_bg@2x.png */; };
		19423AB31890E483009E0936 /* bg.jpg in Resources */ = {isa = PBXBuildFile; fileRef = 19423AB21890E483009E0936 /* bg.jpg */; };
		19423AB61890EF58009E0936 /* REDetailHeaderView.m in Sources */ = {isa = PBXBuildFile; fileRef = 19423AB51890EF58009E0936 /* REDetailHeaderView.m */; };
		19423ABC18910606009E0936 /* add_car_caption_bg@2x.png in Resources */ = {isa = PBXBuildFile; fileRef = 19423AB718910606009E0936 /* add_car_caption_bg@2x.png */; };
		19423ABD18910606009E0936 /* add_car_text_border_right_angle@2x.png in Resources */ = {isa = PBXBuildFile; fileRef = 19423AB818910606009E0936 /* add_car_text_border_right_angle@2x.png */; };
		19423ABE18910606009E0936 /* add_car_text_border_rounded@2x.png in Resources */ = {isa = PBXBuildFile; fileRef = 19423AB918910606009E0936 /* add_car_text_border_rounded@2x.png */; };
		19423ABF18910606009E0936 /* button@2x.png in Resources */ = {isa = PBXBuildFile; fileRef = 19423ABA18910606009E0936 /* button@2x.png */; };
		19423AC018910606009E0936 /* input_bar_bg@2x.png in Resources */ = {isa = PBXBuildFile; fileRef = 19423ABB18910606009E0936 /* input_bar_bg@2x.png */; };
		19423AC218910B8F009E0936 /* add_car_up_rounded@2x.png in Resources */ = {isa = PBXBuildFile; fileRef = 19423AC118910B8F009E0936 /* add_car_up_rounded@2x.png */; };
		19423AC418911BEF009E0936 /* input_bar_bg_right_angle@2x.png in Resources */ = {isa = PBXBuildFile; fileRef = 19423AC318911BEF009E0936 /* input_bar_bg_right_angle@2x.png */; };
		19423AD1189128A9009E0936 /* detail_break_rules_normal@2x.png in Resources */ = {isa = PBXBuildFile; fileRef = 19423ACD189128A9009E0936 /* detail_break_rules_normal@2x.png */; };
		19423AD2189128A9009E0936 /* detail_break_rules_highlighted@2x.png in Resources */ = {isa = PBXBuildFile; fileRef = 19423ACE189128A9009E0936 /* detail_break_rules_highlighted@2x.png */; };
		19423AD3189128A9009E0936 /* detail_recall_highlighted@2x.png in Resources */ = {isa = PBXBuildFile; fileRef = 19423ACF189128A9009E0936 /* detail_recall_highlighted@2x.png */; };
		19423AD4189128A9009E0936 /* detail_recall_normal@2x.png in Resources */ = {isa = PBXBuildFile; fileRef = 19423AD0189128A9009E0936 /* detail_recall_normal@2x.png */; };
		1942D9461869619F00B87C64 /* Foundation.framework in Frameworks */ = {isa = PBXBuildFile; fileRef = 1942D9451869619F00B87C64 /* Foundation.framework */; };
		1942D9481869619F00B87C64 /* CoreGraphics.framework in Frameworks */ = {isa = PBXBuildFile; fileRef = 1942D9471869619F00B87C64 /* CoreGraphics.framework */; };
		1942D94A1869619F00B87C64 /* UIKit.framework in Frameworks */ = {isa = PBXBuildFile; fileRef = 1942D9491869619F00B87C64 /* UIKit.framework */; };
		1942D9501869619F00B87C64 /* InfoPlist.strings in Resources */ = {isa = PBXBuildFile; fileRef = 1942D94E1869619F00B87C64 /* InfoPlist.strings */; };
		1942D9521869619F00B87C64 /* main.m in Sources */ = {isa = PBXBuildFile; fileRef = 1942D9511869619F00B87C64 /* main.m */; };
		1942D9561869619F00B87C64 /* REAppDelegate.m in Sources */ = {isa = PBXBuildFile; fileRef = 1942D9551869619F00B87C64 /* REAppDelegate.m */; };
		1942D9581869619F00B87C64 /* Images.xcassets in Resources */ = {isa = PBXBuildFile; fileRef = 1942D9571869619F00B87C64 /* Images.xcassets */; };
		1942D95F1869619F00B87C64 /* XCTest.framework in Frameworks */ = {isa = PBXBuildFile; fileRef = 1942D95E1869619F00B87C64 /* XCTest.framework */; };
		1942D9601869619F00B87C64 /* Foundation.framework in Frameworks */ = {isa = PBXBuildFile; fileRef = 1942D9451869619F00B87C64 /* Foundation.framework */; };
		1942D9611869619F00B87C64 /* UIKit.framework in Frameworks */ = {isa = PBXBuildFile; fileRef = 1942D9491869619F00B87C64 /* UIKit.framework */; };
		1942D9691869619F00B87C64 /* InfoPlist.strings in Resources */ = {isa = PBXBuildFile; fileRef = 1942D9671869619F00B87C64 /* InfoPlist.strings */; };
		1942D96B1869619F00B87C64 /* RheaTests.m in Sources */ = {isa = PBXBuildFile; fileRef = 1942D96A1869619F00B87C64 /* RheaTests.m */; };
		196E5AA5186BC934006F25DF /* CNSBannerView.m in Sources */ = {isa = PBXBuildFile; fileRef = 196E5AA2186BC934006F25DF /* CNSBannerView.m */; };
		196E5AA6186BC934006F25DF /* CNSPageControl.m in Sources */ = {isa = PBXBuildFile; fileRef = 196E5AA4186BC934006F25DF /* CNSPageControl.m */; };
		196E5AA9186BCABC006F25DF /* REHomePageViewController.m in Sources */ = {isa = PBXBuildFile; fileRef = 196E5AA8186BCABC006F25DF /* REHomePageViewController.m */; };
		196E5AAC186BCDA3006F25DF /* REBanner.m in Sources */ = {isa = PBXBuildFile; fileRef = 196E5AAB186BCDA3006F25DF /* REBanner.m */; };
		196E5AAF186BD387006F25DF /* REAddCarViewController.m in Sources */ = {isa = PBXBuildFile; fileRef = 196E5AAE186BD387006F25DF /* REAddCarViewController.m */; };
		196E5AB6186BE6FE006F25DF /* REHTTPClient.m in Sources */ = {isa = PBXBuildFile; fileRef = 196E5AB5186BE6FE006F25DF /* REHTTPClient.m */; };
		196E5AB9186BE9F0006F25DF /* RELibraryAPI.m in Sources */ = {isa = PBXBuildFile; fileRef = 196E5AB8186BE9F0006F25DF /* RELibraryAPI.m */; };
		196E5ABC186BFCB7006F25DF /* RECity.m in Sources */ = {isa = PBXBuildFile; fileRef = 196E5ABB186BFCB7006F25DF /* RECity.m */; };
		196E5ABF186C1393006F25DF /* RECityListViewController.m in Sources */ = {isa = PBXBuildFile; fileRef = 196E5ABE186C1393006F25DF /* RECityListViewController.m */; };
		196E5AC5186C37A2006F25DF /* RECityListSectionHeaderView.m in Sources */ = {isa = PBXBuildFile; fileRef = 196E5AC4186C37A2006F25DF /* RECityListSectionHeaderView.m */; };
		1974225918729CF8009B72EF /* REInputCell.m in Sources */ = {isa = PBXBuildFile; fileRef = 1974225818729CF8009B72EF /* REInputCell.m */; };
		1974D41B188526AB000AFEA1 /* REManageCarViewController.m in Sources */ = {isa = PBXBuildFile; fileRef = 1974D41A188526AB000AFEA1 /* REManageCarViewController.m */; };
		1974D41E188528CD000AFEA1 /* RECarDeleteCell.m in Sources */ = {isa = PBXBuildFile; fileRef = 1974D41D188528CD000AFEA1 /* RECarDeleteCell.m */; };
		1974D42218855006000AFEA1 /* libMobClickLibrary.a in Frameworks */ = {isa = PBXBuildFile; fileRef = 1974D42018855006000AFEA1 /* libMobClickLibrary.a */; };
		1985C81A18715D290005BB09 /* RECar.m in Sources */ = {isa = PBXBuildFile; fileRef = 1985C81918715D290005BB09 /* RECar.m */; };
		1985C81D187177B00005BB09 /* RECarType.m in Sources */ = {isa = PBXBuildFile; fileRef = 1985C81C187177AF0005BB09 /* RECarType.m */; };
		1985C81F18717A130005BB09 /* CarType.json in Resources */ = {isa = PBXBuildFile; fileRef = 1985C81E18717A130005BB09 /* CarType.json */; };
		198A58C11888CCAF00B66169 /* DAKeyboardControl.m in Sources */ = {isa = PBXBuildFile; fileRef = 198A58C01888CCAF00B66169 /* DAKeyboardControl.m */; };
		19A0EC2118920FF7009868F8 /* Abbreviation.json in Resources */ = {isa = PBXBuildFile; fileRef = 19A0EC2018920FF7009868F8 /* Abbreviation.json */; };
		19A0EC2318923414009868F8 /* vin_engine_code_example@2x.png in Resources */ = {isa = PBXBuildFile; fileRef = 19A0EC2218923414009868F8 /* vin_engine_code_example@2x.png */; };
		19A0EC26189250EC009868F8 /* REExampleView.m in Sources */ = {isa = PBXBuildFile; fileRef = 19A0EC25189250EC009868F8 /* REExampleView.m */; };
		19A0EC28189265F2009868F8 /* icon_60@2x.png in Resources */ = {isa = PBXBuildFile; fileRef = 19A0EC27189265F2009868F8 /* icon_60@2x.png */; };
		19D3F227188FA8710040F684 /* REAbbreviationListViewController.m in Sources */ = {isa = PBXBuildFile; fileRef = 19D3F226188FA8710040F684 /* REAbbreviationListViewController.m */; };
		19D3F22A188FAF7B0040F684 /* REDetailCell.m in Sources */ = {isa = PBXBuildFile; fileRef = 19D3F229188FAF7B0040F684 /* REDetailCell.m */; };
		19E253EF186D1DA0004B33A5 /* RECityListCell.m in Sources */ = {isa = PBXBuildFile; fileRef = 19E253EE186D1DA0004B33A5 /* RECityListCell.m */; };
		19EC2F161876A727003D1E7F /* RERecallDetailViewController.m in Sources */ = {isa = PBXBuildFile; fileRef = 19EC2F151876A727003D1E7F /* RERecallDetailViewController.m */; };
		19EC2F191876A75A003D1E7F /* REBreakRulesDetailViewController.m in Sources */ = {isa = PBXBuildFile; fileRef = 19EC2F181876A75A003D1E7F /* REBreakRulesDetailViewController.m */; };
		CA728681C25B4FB39445E89A /* libPods.a in Frameworks */ = {isa = PBXBuildFile; fileRef = 9760B72B54144719A24463C8 /* libPods.a */; };
/* End PBXBuildFile section */

/* Begin PBXContainerItemProxy section */
		1942D9621869619F00B87C64 /* PBXContainerItemProxy */ = {
			isa = PBXContainerItemProxy;
			containerPortal = 1942D93A1869619E00B87C64 /* Project object */;
			proxyType = 1;
			remoteGlobalIDString = 1942D9411869619F00B87C64;
			remoteInfo = Rhea;
		};
/* End PBXContainerItemProxy section */

/* Begin PBXFileReference section */
		190AE0AD1869691C0071E892 /* REConstants.h */ = {isa = PBXFileReference; lastKnownFileType = sourcecode.c.h; path = REConstants.h; sourceTree = "<group>"; };
		190AE0B9186977F90071E892 /* REViewController.h */ = {isa = PBXFileReference; fileEncoding = 4; lastKnownFileType = sourcecode.c.h; path = REViewController.h; sourceTree = "<group>"; };
		190AE0BA186977F90071E892 /* REViewController.m */ = {isa = PBXFileReference; fileEncoding = 4; lastKnownFileType = sourcecode.c.objc; path = REViewController.m; sourceTree = "<group>"; };
		190AE0BC1869781F0071E892 /* RENavigationController.h */ = {isa = PBXFileReference; fileEncoding = 4; lastKnownFileType = sourcecode.c.h; path = RENavigationController.h; sourceTree = "<group>"; };
		190AE0BD1869781F0071E892 /* RENavigationController.m */ = {isa = PBXFileReference; fileEncoding = 4; lastKnownFileType = sourcecode.c.objc; path = RENavigationController.m; sourceTree = "<group>"; };
		192FD105187E3D86005D1A3C /* REBreakRulesInfo.h */ = {isa = PBXFileReference; fileEncoding = 4; lastKnownFileType = sourcecode.c.h; path = REBreakRulesInfo.h; sourceTree = "<group>"; };
		192FD106187E3D86005D1A3C /* REBreakRulesInfo.m */ = {isa = PBXFileReference; fileEncoding = 4; lastKnownFileType = sourcecode.c.objc; path = REBreakRulesInfo.m; sourceTree = "<group>"; };
		192FD108187E4EC1005D1A3C /* REDetailViewController.h */ = {isa = PBXFileReference; fileEncoding = 4; lastKnownFileType = sourcecode.c.h; path = REDetailViewController.h; sourceTree = "<group>"; };
		192FD109187E4EC1005D1A3C /* REDetailViewController.m */ = {isa = PBXFileReference; fileEncoding = 4; lastKnownFileType = sourcecode.c.objc; path = REDetailViewController.m; sourceTree = "<group>"; };
		192FD10B187E7F99005D1A3C /* REWebViewController.h */ = {isa = PBXFileReference; fileEncoding = 4; lastKnownFileType = sourcecode.c.h; path = REWebViewController.h; sourceTree = "<group>"; };
		192FD10C187E7F99005D1A3C /* REWebViewController.m */ = {isa = PBXFileReference; fileEncoding = 4; lastKnownFileType = sourcecode.c.objc; path = REWebViewController.m; sourceTree = "<group>"; };
		192FD10E187E8019005D1A3C /* webview_back_hithlighted@2x.png */ = {isa = PBXFileReference; lastKnownFileType = image.png; path = "webview_back_hithlighted@2x.png"; sourceTree = "<group>"; };
		192FD10F187E8019005D1A3C /* webview_back_normal@2x.png */ = {isa = PBXFileReference; lastKnownFileType = image.png; path = "webview_back_normal@2x.png"; sourceTree = "<group>"; };
		192FD110187E8019005D1A3C /* webview_forward_highlithed@2x.png */ = {isa = PBXFileReference; lastKnownFileType = image.png; path = "webview_forward_highlithed@2x.png"; sourceTree = "<group>"; };
		192FD111187E8019005D1A3C /* webview_forward_normal@2x.png */ = {isa = PBXFileReference; lastKnownFileType = image.png; path = "webview_forward_normal@2x.png"; sourceTree = "<group>"; };
		192FD112187E8019005D1A3C /* webview_refresh_hithlighted@2x.png */ = {isa = PBXFileReference; lastKnownFileType = image.png; path = "webview_refresh_hithlighted@2x.png"; sourceTree = "<group>"; };
		192FD113187E8019005D1A3C /* webview_refresh_normal@2x.png */ = {isa = PBXFileReference; lastKnownFileType = image.png; path = "webview_refresh_normal@2x.png"; sourceTree = "<group>"; };
		192FD11A187E874C005D1A3C /* banner_image_place_holder@2x.png */ = {isa = PBXFileReference; lastKnownFileType = image.png; path = "banner_image_place_holder@2x.png"; sourceTree = "<group>"; };
		192FD11B187E874C005D1A3C /* banner_place_holder@2x.png */ = {isa = PBXFileReference; lastKnownFileType = image.png; path = "banner_place_holder@2x.png"; sourceTree = "<group>"; };
		192FD120187E874C005D1A3C /* item_back_normal@2x.png */ = {isa = PBXFileReference; lastKnownFileType = image.png; path = "item_back_normal@2x.png"; sourceTree = "<group>"; };
		192FD124187E874C005D1A3C /* navigation_bar@2x.png */ = {isa = PBXFileReference; lastKnownFileType = image.png; path = "navigation_bar@2x.png"; sourceTree = "<group>"; };
		192FD132187E88F9005D1A3C /* REMoreViewController.h */ = {isa = PBXFileReference; fileEncoding = 4; lastKnownFileType = sourcecode.c.h; path = REMoreViewController.h; sourceTree = "<group>"; };
		192FD133187E88F9005D1A3C /* REMoreViewController.m */ = {isa = PBXFileReference; fileEncoding = 4; lastKnownFileType = sourcecode.c.objc; path = REMoreViewController.m; sourceTree = "<group>"; };
		192FD136187E897B005D1A3C /* CNSShareManager.h */ = {isa = PBXFileReference; fileEncoding = 4; lastKnownFileType = sourcecode.c.h; path = CNSShareManager.h; sourceTree = "<group>"; };
		192FD137187E897B005D1A3C /* CNSShareManager.m */ = {isa = PBXFileReference; fileEncoding = 4; lastKnownFileType = sourcecode.c.objc; path = CNSShareManager.m; sourceTree = "<group>"; };
		192FD13A187E8981005D1A3C /* libWeChatSDK.a */ = {isa = PBXFileReference; lastKnownFileType = archive.ar; path = libWeChatSDK.a; sourceTree = "<group>"; };
		192FD13B187E8981005D1A3C /* WXApi.h */ = {isa = PBXFileReference; fileEncoding = 4; lastKnownFileType = sourcecode.c.h; path = WXApi.h; sourceTree = "<group>"; };
		192FD13C187E8981005D1A3C /* WXApiObject.h */ = {isa = PBXFileReference; fileEncoding = 4; lastKnownFileType = sourcecode.c.h; path = WXApiObject.h; sourceTree = "<group>"; };
		192FD13E187E901F005D1A3C /* REHomePageCell.h */ = {isa = PBXFileReference; fileEncoding = 4; lastKnownFileType = sourcecode.c.h; path = REHomePageCell.h; sourceTree = "<group>"; };
		192FD13F187E901F005D1A3C /* REHomePageCell.m */ = {isa = PBXFileReference; fileEncoding = 4; lastKnownFileType = sourcecode.c.objc; path = REHomePageCell.m; sourceTree = "<group>"; };
		1932C66D1884D7FB0026B0A5 /* item_more_normal@2x.png */ = {isa = PBXFileReference; lastKnownFileType = image.png; path = "item_more_normal@2x.png"; sourceTree = "<group>"; };
		193CD72018752916009FF3E3 /* RESelectCarTypeViewController.h */ = {isa = PBXFileReference; fileEncoding = 4; lastKnownFileType = sourcecode.c.h; path = RESelectCarTypeViewController.h; sourceTree = "<group>"; };
		193CD72118752916009FF3E3 /* RESelectCarTypeViewController.m */ = {isa = PBXFileReference; fileEncoding = 4; lastKnownFileType = sourcecode.c.objc; path = RESelectCarTypeViewController.m; sourceTree = "<group>"; };
		193CD723187563D5009FF3E3 /* RERecallInfo.h */ = {isa = PBXFileReference; fileEncoding = 4; lastKnownFileType = sourcecode.c.h; path = RERecallInfo.h; sourceTree = "<group>"; };
		193CD724187563D5009FF3E3 /* RERecallInfo.m */ = {isa = PBXFileReference; fileEncoding = 4; lastKnownFileType = sourcecode.c.objc; path = RERecallInfo.m; sourceTree = "<group>"; };
		193CD7291875679A009FF3E3 /* APOSwitchPageView.h */ = {isa = PBXFileReference; fileEncoding = 4; lastKnownFileType = sourcecode.c.h; path = APOSwitchPageView.h; sourceTree = "<group>"; };
		193CD72A1875679A009FF3E3 /* APOSwitchPageView.m */ = {isa = PBXFileReference; fileEncoding = 4; lastKnownFileType = sourcecode.c.objc; path = APOSwitchPageView.m; sourceTree = "<group>"; };
		193CD72C1875680F009FF3E3 /* REDetailListViewController.h */ = {isa = PBXFileReference; fileEncoding = 4; lastKnownFileType = sourcecode.c.h; path = REDetailListViewController.h; sourceTree = "<group>"; };
		193CD72D1875680F009FF3E3 /* REDetailListViewController.m */ = {isa = PBXFileReference; fileEncoding = 4; lastKnownFileType = sourcecode.c.objc; path = REDetailListViewController.m; sourceTree = "<group>"; };
		19400A04188934A1009A2B57 /* REInputVinCodeViewController.h */ = {isa = PBXFileReference; fileEncoding = 4; lastKnownFileType = sourcecode.c.h; path = REInputVinCodeViewController.h; sourceTree = "<group>"; };
		19400A05188934A1009A2B57 /* REInputVinCodeViewController.m */ = {isa = PBXFileReference; fileEncoding = 4; lastKnownFileType = sourcecode.c.objc; path = REInputVinCodeViewController.m; sourceTree = "<group>"; };
		19423AAA1890BB65009E0936 /* last_cell_shadow@2x.png */ = {isa = PBXFileReference; lastKnownFileType = image.png; path = "last_cell_shadow@2x.png"; sourceTree = "<group>"; };
		19423AAC1890C1C2009E0936 /* home_page_logo@2x.png */ = {isa = PBXFileReference; lastKnownFileType = image.png; path = "home_page_logo@2x.png"; sourceTree = "<group>"; };
		19423AAE1890C7F6009E0936 /* section_title_bg@2x.png */ = {isa = PBXFileReference; lastKnownFileType = image.png; path = "section_title_bg@2x.png"; sourceTree = "<group>"; };
		19423AB01890C962009E0936 /* homepage_add_car_bg@2x.png */ = {isa = PBXFileReference; lastKnownFileType = image.png; path = "homepage_add_car_bg@2x.png"; sourceTree = "<group>"; };
		19423AB21890E483009E0936 /* bg.jpg */ = {isa = PBXFileReference; lastKnownFileType = image.jpeg; path = bg.jpg; sourceTree = "<group>"; };
		19423AB41890EF58009E0936 /* REDetailHeaderView.h */ = {isa = PBXFileReference; fileEncoding = 4; lastKnownFileType = sourcecode.c.h; path = REDetailHeaderView.h; sourceTree = "<group>"; };
		19423AB51890EF58009E0936 /* REDetailHeaderView.m */ = {isa = PBXFileReference; fileEncoding = 4; lastKnownFileType = sourcecode.c.objc; path = REDetailHeaderView.m; sourceTree = "<group>"; };
		19423AB718910606009E0936 /* add_car_caption_bg@2x.png */ = {isa = PBXFileReference; lastKnownFileType = image.png; path = "add_car_caption_bg@2x.png"; sourceTree = "<group>"; };
		19423AB818910606009E0936 /* add_car_text_border_right_angle@2x.png */ = {isa = PBXFileReference; lastKnownFileType = image.png; path = "add_car_text_border_right_angle@2x.png"; sourceTree = "<group>"; };
		19423AB918910606009E0936 /* add_car_text_border_rounded@2x.png */ = {isa = PBXFileReference; lastKnownFileType = image.png; path = "add_car_text_border_rounded@2x.png"; sourceTree = "<group>"; };
		19423ABA18910606009E0936 /* button@2x.png */ = {isa = PBXFileReference; lastKnownFileType = image.png; path = "button@2x.png"; sourceTree = "<group>"; };
		19423ABB18910606009E0936 /* input_bar_bg@2x.png */ = {isa = PBXFileReference; lastKnownFileType = image.png; path = "input_bar_bg@2x.png"; sourceTree = "<group>"; };
		19423AC118910B8F009E0936 /* add_car_up_rounded@2x.png */ = {isa = PBXFileReference; lastKnownFileType = image.png; path = "add_car_up_rounded@2x.png"; sourceTree = "<group>"; };
		19423AC318911BEF009E0936 /* input_bar_bg_right_angle@2x.png */ = {isa = PBXFileReference; lastKnownFileType = image.png; path = "input_bar_bg_right_angle@2x.png"; sourceTree = "<group>"; };
		19423ACD189128A9009E0936 /* detail_break_rules_normal@2x.png */ = {isa = PBXFileReference; lastKnownFileType = image.png; path = "detail_break_rules_normal@2x.png"; sourceTree = "<group>"; };
		19423ACE189128A9009E0936 /* detail_break_rules_highlighted@2x.png */ = {isa = PBXFileReference; lastKnownFileType = image.png; path = "detail_break_rules_highlighted@2x.png"; sourceTree = "<group>"; };
		19423ACF189128A9009E0936 /* detail_recall_highlighted@2x.png */ = {isa = PBXFileReference; lastKnownFileType = image.png; path = "detail_recall_highlighted@2x.png"; sourceTree = "<group>"; };
		19423AD0189128A9009E0936 /* detail_recall_normal@2x.png */ = {isa = PBXFileReference; lastKnownFileType = image.png; path = "detail_recall_normal@2x.png"; sourceTree = "<group>"; };
		1942D9421869619F00B87C64 /* Rhea.app */ = {isa = PBXFileReference; explicitFileType = wrapper.application; includeInIndex = 0; path = Rhea.app; sourceTree = BUILT_PRODUCTS_DIR; };
		1942D9451869619F00B87C64 /* Foundation.framework */ = {isa = PBXFileReference; lastKnownFileType = wrapper.framework; name = Foundation.framework; path = System/Library/Frameworks/Foundation.framework; sourceTree = SDKROOT; };
		1942D9471869619F00B87C64 /* CoreGraphics.framework */ = {isa = PBXFileReference; lastKnownFileType = wrapper.framework; name = CoreGraphics.framework; path = System/Library/Frameworks/CoreGraphics.framework; sourceTree = SDKROOT; };
		1942D9491869619F00B87C64 /* UIKit.framework */ = {isa = PBXFileReference; lastKnownFileType = wrapper.framework; name = UIKit.framework; path = System/Library/Frameworks/UIKit.framework; sourceTree = SDKROOT; };
		1942D94D1869619F00B87C64 /* Rhea-Info.plist */ = {isa = PBXFileReference; lastKnownFileType = text.plist.xml; path = "Rhea-Info.plist"; sourceTree = "<group>"; };
		1942D94F1869619F00B87C64 /* en */ = {isa = PBXFileReference; lastKnownFileType = text.plist.strings; name = en; path = en.lproj/InfoPlist.strings; sourceTree = "<group>"; };
		1942D9511869619F00B87C64 /* main.m */ = {isa = PBXFileReference; lastKnownFileType = sourcecode.c.objc; path = main.m; sourceTree = "<group>"; };
		1942D9531869619F00B87C64 /* Rhea-Prefix.pch */ = {isa = PBXFileReference; lastKnownFileType = sourcecode.c.h; path = "Rhea-Prefix.pch"; sourceTree = "<group>"; };
		1942D9541869619F00B87C64 /* REAppDelegate.h */ = {isa = PBXFileReference; lastKnownFileType = sourcecode.c.h; path = REAppDelegate.h; sourceTree = "<group>"; };
		1942D9551869619F00B87C64 /* REAppDelegate.m */ = {isa = PBXFileReference; lastKnownFileType = sourcecode.c.objc; path = REAppDelegate.m; sourceTree = "<group>"; };
		1942D9571869619F00B87C64 /* Images.xcassets */ = {isa = PBXFileReference; lastKnownFileType = folder.assetcatalog; name = Images.xcassets; path = ../Images.xcassets; sourceTree = "<group>"; };
		1942D95D1869619F00B87C64 /* RheaTests.xctest */ = {isa = PBXFileReference; explicitFileType = wrapper.cfbundle; includeInIndex = 0; path = RheaTests.xctest; sourceTree = BUILT_PRODUCTS_DIR; };
		1942D95E1869619F00B87C64 /* XCTest.framework */ = {isa = PBXFileReference; lastKnownFileType = wrapper.framework; name = XCTest.framework; path = Library/Frameworks/XCTest.framework; sourceTree = DEVELOPER_DIR; };
		1942D9661869619F00B87C64 /* RheaTests-Info.plist */ = {isa = PBXFileReference; lastKnownFileType = text.plist.xml; path = "RheaTests-Info.plist"; sourceTree = "<group>"; };
		1942D9681869619F00B87C64 /* en */ = {isa = PBXFileReference; lastKnownFileType = text.plist.strings; name = en; path = en.lproj/InfoPlist.strings; sourceTree = "<group>"; };
		1942D96A1869619F00B87C64 /* RheaTests.m */ = {isa = PBXFileReference; lastKnownFileType = sourcecode.c.objc; path = RheaTests.m; sourceTree = "<group>"; };
		196E5AA1186BC934006F25DF /* CNSBannerView.h */ = {isa = PBXFileReference; fileEncoding = 4; lastKnownFileType = sourcecode.c.h; path = CNSBannerView.h; sourceTree = "<group>"; };
		196E5AA2186BC934006F25DF /* CNSBannerView.m */ = {isa = PBXFileReference; fileEncoding = 4; lastKnownFileType = sourcecode.c.objc; path = CNSBannerView.m; sourceTree = "<group>"; };
		196E5AA3186BC934006F25DF /* CNSPageControl.h */ = {isa = PBXFileReference; fileEncoding = 4; lastKnownFileType = sourcecode.c.h; path = CNSPageControl.h; sourceTree = "<group>"; };
		196E5AA4186BC934006F25DF /* CNSPageControl.m */ = {isa = PBXFileReference; fileEncoding = 4; lastKnownFileType = sourcecode.c.objc; path = CNSPageControl.m; sourceTree = "<group>"; };
		196E5AA7186BCABC006F25DF /* REHomePageViewController.h */ = {isa = PBXFileReference; fileEncoding = 4; lastKnownFileType = sourcecode.c.h; path = REHomePageViewController.h; sourceTree = "<group>"; };
		196E5AA8186BCABC006F25DF /* REHomePageViewController.m */ = {isa = PBXFileReference; fileEncoding = 4; lastKnownFileType = sourcecode.c.objc; path = REHomePageViewController.m; sourceTree = "<group>"; };
		196E5AAA186BCDA3006F25DF /* REBanner.h */ = {isa = PBXFileReference; fileEncoding = 4; lastKnownFileType = sourcecode.c.h; path = REBanner.h; sourceTree = "<group>"; };
		196E5AAB186BCDA3006F25DF /* REBanner.m */ = {isa = PBXFileReference; fileEncoding = 4; lastKnownFileType = sourcecode.c.objc; path = REBanner.m; sourceTree = "<group>"; };
		196E5AAD186BD387006F25DF /* REAddCarViewController.h */ = {isa = PBXFileReference; fileEncoding = 4; lastKnownFileType = sourcecode.c.h; path = REAddCarViewController.h; sourceTree = "<group>"; };
		196E5AAE186BD387006F25DF /* REAddCarViewController.m */ = {isa = PBXFileReference; fileEncoding = 4; lastKnownFileType = sourcecode.c.objc; path = REAddCarViewController.m; sourceTree = "<group>"; };
		196E5AB4186BE6FE006F25DF /* REHTTPClient.h */ = {isa = PBXFileReference; fileEncoding = 4; lastKnownFileType = sourcecode.c.h; path = REHTTPClient.h; sourceTree = "<group>"; };
		196E5AB5186BE6FE006F25DF /* REHTTPClient.m */ = {isa = PBXFileReference; fileEncoding = 4; lastKnownFileType = sourcecode.c.objc; path = REHTTPClient.m; sourceTree = "<group>"; };
		196E5AB7186BE9F0006F25DF /* RELibraryAPI.h */ = {isa = PBXFileReference; fileEncoding = 4; lastKnownFileType = sourcecode.c.h; path = RELibraryAPI.h; sourceTree = "<group>"; };
		196E5AB8186BE9F0006F25DF /* RELibraryAPI.m */ = {isa = PBXFileReference; fileEncoding = 4; lastKnownFileType = sourcecode.c.objc; path = RELibraryAPI.m; sourceTree = "<group>"; };
		196E5ABA186BFCB7006F25DF /* RECity.h */ = {isa = PBXFileReference; fileEncoding = 4; lastKnownFileType = sourcecode.c.h; path = RECity.h; sourceTree = "<group>"; };
		196E5ABB186BFCB7006F25DF /* RECity.m */ = {isa = PBXFileReference; fileEncoding = 4; lastKnownFileType = sourcecode.c.objc; path = RECity.m; sourceTree = "<group>"; };
		196E5ABD186C1393006F25DF /* RECityListViewController.h */ = {isa = PBXFileReference; fileEncoding = 4; lastKnownFileType = sourcecode.c.h; path = RECityListViewController.h; sourceTree = "<group>"; };
		196E5ABE186C1393006F25DF /* RECityListViewController.m */ = {isa = PBXFileReference; fileEncoding = 4; lastKnownFileType = sourcecode.c.objc; path = RECityListViewController.m; sourceTree = "<group>"; };
		196E5AC3186C37A2006F25DF /* RECityListSectionHeaderView.h */ = {isa = PBXFileReference; fileEncoding = 4; lastKnownFileType = sourcecode.c.h; path = RECityListSectionHeaderView.h; sourceTree = "<group>"; };
		196E5AC4186C37A2006F25DF /* RECityListSectionHeaderView.m */ = {isa = PBXFileReference; fileEncoding = 4; lastKnownFileType = sourcecode.c.objc; path = RECityListSectionHeaderView.m; sourceTree = "<group>"; };
		1974225718729CF8009B72EF /* REInputCell.h */ = {isa = PBXFileReference; fileEncoding = 4; lastKnownFileType = sourcecode.c.h; path = REInputCell.h; sourceTree = "<group>"; };
		1974225818729CF8009B72EF /* REInputCell.m */ = {isa = PBXFileReference; fileEncoding = 4; lastKnownFileType = sourcecode.c.objc; path = REInputCell.m; sourceTree = "<group>"; };
		1974D419188526AB000AFEA1 /* REManageCarViewController.h */ = {isa = PBXFileReference; fileEncoding = 4; lastKnownFileType = sourcecode.c.h; path = REManageCarViewController.h; sourceTree = "<group>"; };
		1974D41A188526AB000AFEA1 /* REManageCarViewController.m */ = {isa = PBXFileReference; fileEncoding = 4; lastKnownFileType = sourcecode.c.objc; path = REManageCarViewController.m; sourceTree = "<group>"; };
		1974D41C188528CD000AFEA1 /* RECarDeleteCell.h */ = {isa = PBXFileReference; fileEncoding = 4; lastKnownFileType = sourcecode.c.h; path = RECarDeleteCell.h; sourceTree = "<group>"; };
		1974D41D188528CD000AFEA1 /* RECarDeleteCell.m */ = {isa = PBXFileReference; fileEncoding = 4; lastKnownFileType = sourcecode.c.objc; path = RECarDeleteCell.m; sourceTree = "<group>"; };
		1974D42018855006000AFEA1 /* libMobClickLibrary.a */ = {isa = PBXFileReference; lastKnownFileType = archive.ar; path = libMobClickLibrary.a; sourceTree = "<group>"; };
		1974D42118855006000AFEA1 /* MobClick.h */ = {isa = PBXFileReference; fileEncoding = 4; lastKnownFileType = sourcecode.c.h; path = MobClick.h; sourceTree = "<group>"; };
		1985C81818715D290005BB09 /* RECar.h */ = {isa = PBXFileReference; fileEncoding = 4; lastKnownFileType = sourcecode.c.h; path = RECar.h; sourceTree = "<group>"; };
		1985C81918715D290005BB09 /* RECar.m */ = {isa = PBXFileReference; fileEncoding = 4; lastKnownFileType = sourcecode.c.objc; path = RECar.m; sourceTree = "<group>"; };
		1985C81B187177AF0005BB09 /* RECarType.h */ = {isa = PBXFileReference; fileEncoding = 4; lastKnownFileType = sourcecode.c.h; path = RECarType.h; sourceTree = "<group>"; };
		1985C81C187177AF0005BB09 /* RECarType.m */ = {isa = PBXFileReference; fileEncoding = 4; lastKnownFileType = sourcecode.c.objc; path = RECarType.m; sourceTree = "<group>"; };
		1985C81E18717A130005BB09 /* CarType.json */ = {isa = PBXFileReference; fileEncoding = 4; lastKnownFileType = text.json; path = CarType.json; sourceTree = "<group>"; };
		198A58BF1888CCAF00B66169 /* DAKeyboardControl.h */ = {isa = PBXFileReference; fileEncoding = 4; lastKnownFileType = sourcecode.c.h; path = DAKeyboardControl.h; sourceTree = "<group>"; };
		198A58C01888CCAF00B66169 /* DAKeyboardControl.m */ = {isa = PBXFileReference; fileEncoding = 4; lastKnownFileType = sourcecode.c.objc; path = DAKeyboardControl.m; sourceTree = "<group>"; };
		19A0EC2018920FF7009868F8 /* Abbreviation.json */ = {isa = PBXFileReference; fileEncoding = 4; lastKnownFileType = text.json; path = Abbreviation.json; sourceTree = "<group>"; };
		19A0EC2218923414009868F8 /* vin_engine_code_example@2x.png */ = {isa = PBXFileReference; lastKnownFileType = image.png; path = "vin_engine_code_example@2x.png"; sourceTree = "<group>"; };
		19A0EC24189250EC009868F8 /* REExampleView.h */ = {isa = PBXFileReference; fileEncoding = 4; lastKnownFileType = sourcecode.c.h; path = REExampleView.h; sourceTree = "<group>"; };
		19A0EC25189250EC009868F8 /* REExampleView.m */ = {isa = PBXFileReference; fileEncoding = 4; lastKnownFileType = sourcecode.c.objc; path = REExampleView.m; sourceTree = "<group>"; };
		19A0EC27189265F2009868F8 /* icon_60@2x.png */ = {isa = PBXFileReference; lastKnownFileType = image.png; path = "icon_60@2x.png"; sourceTree = "<group>"; };
		19D3F225188FA8710040F684 /* REAbbreviationListViewController.h */ = {isa = PBXFileReference; fileEncoding = 4; lastKnownFileType = sourcecode.c.h; path = REAbbreviationListViewController.h; sourceTree = "<group>"; };
		19D3F226188FA8710040F684 /* REAbbreviationListViewController.m */ = {isa = PBXFileReference; fileEncoding = 4; lastKnownFileType = sourcecode.c.objc; path = REAbbreviationListViewController.m; sourceTree = "<group>"; };
		19D3F228188FAF7B0040F684 /* REDetailCell.h */ = {isa = PBXFileReference; fileEncoding = 4; lastKnownFileType = sourcecode.c.h; path = REDetailCell.h; sourceTree = "<group>"; };
		19D3F229188FAF7B0040F684 /* REDetailCell.m */ = {isa = PBXFileReference; fileEncoding = 4; lastKnownFileType = sourcecode.c.objc; path = REDetailCell.m; sourceTree = "<group>"; };
		19E253ED186D1DA0004B33A5 /* RECityListCell.h */ = {isa = PBXFileReference; fileEncoding = 4; lastKnownFileType = sourcecode.c.h; path = RECityListCell.h; sourceTree = "<group>"; };
		19E253EE186D1DA0004B33A5 /* RECityListCell.m */ = {isa = PBXFileReference; fileEncoding = 4; lastKnownFileType = sourcecode.c.objc; path = RECityListCell.m; sourceTree = "<group>"; };
		19EC2F141876A727003D1E7F /* RERecallDetailViewController.h */ = {isa = PBXFileReference; fileEncoding = 4; lastKnownFileType = sourcecode.c.h; path = RERecallDetailViewController.h; sourceTree = "<group>"; };
		19EC2F151876A727003D1E7F /* RERecallDetailViewController.m */ = {isa = PBXFileReference; fileEncoding = 4; lastKnownFileType = sourcecode.c.objc; path = RERecallDetailViewController.m; sourceTree = "<group>"; };
		19EC2F171876A75A003D1E7F /* REBreakRulesDetailViewController.h */ = {isa = PBXFileReference; fileEncoding = 4; lastKnownFileType = sourcecode.c.h; path = REBreakRulesDetailViewController.h; sourceTree = "<group>"; };
		19EC2F181876A75A003D1E7F /* REBreakRulesDetailViewController.m */ = {isa = PBXFileReference; fileEncoding = 4; lastKnownFileType = sourcecode.c.objc; path = REBreakRulesDetailViewController.m; sourceTree = "<group>"; };
		368222D05494443C864538E2 /* Pods.xcconfig */ = {isa = PBXFileReference; includeInIndex = 1; lastKnownFileType = text.xcconfig; name = Pods.xcconfig; path = Pods/Pods.xcconfig; sourceTree = "<group>"; };
		9760B72B54144719A24463C8 /* libPods.a */ = {isa = PBXFileReference; explicitFileType = archive.ar; includeInIndex = 0; path = libPods.a; sourceTree = BUILT_PRODUCTS_DIR; };
/* End PBXFileReference section */

/* Begin PBXFrameworksBuildPhase section */
		1942D93F1869619F00B87C64 /* Frameworks */ = {
			isa = PBXFrameworksBuildPhase;
			buildActionMask = 2147483647;
			files = (
				1942D9481869619F00B87C64 /* CoreGraphics.framework in Frameworks */,
				1942D94A1869619F00B87C64 /* UIKit.framework in Frameworks */,
				1942D9461869619F00B87C64 /* Foundation.framework in Frameworks */,
				1974D42218855006000AFEA1 /* libMobClickLibrary.a in Frameworks */,
				CA728681C25B4FB39445E89A /* libPods.a in Frameworks */,
				192FD13D187E8981005D1A3C /* libWeChatSDK.a in Frameworks */,
			);
			runOnlyForDeploymentPostprocessing = 0;
		};
		1942D95A1869619F00B87C64 /* Frameworks */ = {
			isa = PBXFrameworksBuildPhase;
			buildActionMask = 2147483647;
			files = (
				1942D95F1869619F00B87C64 /* XCTest.framework in Frameworks */,
				1942D9611869619F00B87C64 /* UIKit.framework in Frameworks */,
				1942D9601869619F00B87C64 /* Foundation.framework in Frameworks */,
			);
			runOnlyForDeploymentPostprocessing = 0;
		};
/* End PBXFrameworksBuildPhase section */

/* Begin PBXGroup section */
		190AE0B1186976510071E892 /* Application */ = {
			isa = PBXGroup;
			children = (
				1942D9541869619F00B87C64 /* REAppDelegate.h */,
				1942D9551869619F00B87C64 /* REAppDelegate.m */,
				190AE0AD1869691C0071E892 /* REConstants.h */,
			);
			name = Application;
			sourceTree = "<group>";
		};
		190AE0B4186976CA0071E892 /* Resource */ = {
			isa = PBXGroup;
			children = (
				198A58BE1888CCAF00B66169 /* DAKeyboardControl */,
				1974D41F18854FEB000AFEA1 /* UMeng */,
				1985C81E18717A130005BB09 /* CarType.json */,
				19A0EC2018920FF7009868F8 /* Abbreviation.json */,
				19423AB21890E483009E0936 /* bg.jpg */,
				19423AAC1890C1C2009E0936 /* home_page_logo@2x.png */,
				192FD10E187E8019005D1A3C /* webview_back_hithlighted@2x.png */,
				192FD10F187E8019005D1A3C /* webview_back_normal@2x.png */,
				192FD110187E8019005D1A3C /* webview_forward_highlithed@2x.png */,
				192FD111187E8019005D1A3C /* webview_forward_normal@2x.png */,
				192FD112187E8019005D1A3C /* webview_refresh_hithlighted@2x.png */,
				192FD113187E8019005D1A3C /* webview_refresh_normal@2x.png */,
				192FD11A187E874C005D1A3C /* banner_image_place_holder@2x.png */,
				192FD11B187E874C005D1A3C /* banner_place_holder@2x.png */,
				192FD120187E874C005D1A3C /* item_back_normal@2x.png */,
				192FD124187E874C005D1A3C /* navigation_bar@2x.png */,
				1932C66D1884D7FB0026B0A5 /* item_more_normal@2x.png */,
				19423AAA1890BB65009E0936 /* last_cell_shadow@2x.png */,
				19423AAE1890C7F6009E0936 /* section_title_bg@2x.png */,
				19423AB01890C962009E0936 /* homepage_add_car_bg@2x.png */,
				19423AB718910606009E0936 /* add_car_caption_bg@2x.png */,
				19423AB818910606009E0936 /* add_car_text_border_right_angle@2x.png */,
				19423AB918910606009E0936 /* add_car_text_border_rounded@2x.png */,
				19423ABA18910606009E0936 /* button@2x.png */,
				19423ABB18910606009E0936 /* input_bar_bg@2x.png */,
				19423AC118910B8F009E0936 /* add_car_up_rounded@2x.png */,
				19423AC318911BEF009E0936 /* input_bar_bg_right_angle@2x.png */,
				19423ACD189128A9009E0936 /* detail_break_rules_normal@2x.png */,
				19423ACE189128A9009E0936 /* detail_break_rules_highlighted@2x.png */,
				19423ACF189128A9009E0936 /* detail_recall_highlighted@2x.png */,
				19423AD0189128A9009E0936 /* detail_recall_normal@2x.png */,
				19A0EC2218923414009868F8 /* vin_engine_code_example@2x.png */,
				19A0EC27189265F2009868F8 /* icon_60@2x.png */,
				1942D9571869619F00B87C64 /* Images.xcassets */,
			);
			path = Resource;
			sourceTree = "<group>";
		};
		190AE0B51869770C0071E892 /* View */ = {
			isa = PBXGroup;
			children = (
				196E5AC2186C3771006F25DF /* CityList */,
				196E5AA0186BC928006F25DF /* Banner */,
				1974225718729CF8009B72EF /* REInputCell.h */,
				1974225818729CF8009B72EF /* REInputCell.m */,
				1974D41C188528CD000AFEA1 /* RECarDeleteCell.h */,
				1974D41D188528CD000AFEA1 /* RECarDeleteCell.m */,
				193CD7291875679A009FF3E3 /* APOSwitchPageView.h */,
				193CD72A1875679A009FF3E3 /* APOSwitchPageView.m */,
				192FD13E187E901F005D1A3C /* REHomePageCell.h */,
				192FD13F187E901F005D1A3C /* REHomePageCell.m */,
				19D3F228188FAF7B0040F684 /* REDetailCell.h */,
				19D3F229188FAF7B0040F684 /* REDetailCell.m */,
				19423AB41890EF58009E0936 /* REDetailHeaderView.h */,
				19423AB51890EF58009E0936 /* REDetailHeaderView.m */,
				19A0EC24189250EC009868F8 /* REExampleView.h */,
				19A0EC25189250EC009868F8 /* REExampleView.m */,
			);
			path = View;
			sourceTree = "<group>";
		};
		190AE0B6186977140071E892 /* Modle */ = {
			isa = PBXGroup;
			children = (
				196E5AAA186BCDA3006F25DF /* REBanner.h */,
				196E5AAB186BCDA3006F25DF /* REBanner.m */,
				196E5ABA186BFCB7006F25DF /* RECity.h */,
				196E5ABB186BFCB7006F25DF /* RECity.m */,
				1985C81818715D290005BB09 /* RECar.h */,
				1985C81918715D290005BB09 /* RECar.m */,
				1985C81B187177AF0005BB09 /* RECarType.h */,
				1985C81C187177AF0005BB09 /* RECarType.m */,
				193CD723187563D5009FF3E3 /* RERecallInfo.h */,
				193CD724187563D5009FF3E3 /* RERecallInfo.m */,
				192FD105187E3D86005D1A3C /* REBreakRulesInfo.h */,
				192FD106187E3D86005D1A3C /* REBreakRulesInfo.m */,
			);
			path = Modle;
			sourceTree = "<group>";
		};
		190AE0B7186977250071E892 /* Controller */ = {
			isa = PBXGroup;
			children = (
				190AE0B81869772D0071E892 /* Basic */,
				196E5139188E1037005F0C77 /* Detail */,
				196E5138188E1027005F0C77 /* HomePage */,
				196E5137188E100D005F0C77 /* Setting */,
				196E5136188E0FE0005F0C77 /* Edit */,
			);
			path = Controller;
			sourceTree = "<group>";
		};
		190AE0B81869772D0071E892 /* Basic */ = {
			isa = PBXGroup;
			children = (
				190AE0B9186977F90071E892 /* REViewController.h */,
				190AE0BA186977F90071E892 /* REViewController.m */,
				190AE0BC1869781F0071E892 /* RENavigationController.h */,
				190AE0BD1869781F0071E892 /* RENavigationController.m */,
				192FD10B187E7F99005D1A3C /* REWebViewController.h */,
				192FD10C187E7F99005D1A3C /* REWebViewController.m */,
			);
			name = Basic;
			sourceTree = "<group>";
		};
		192FD135187E895B005D1A3C /* SNS */ = {
			isa = PBXGroup;
			children = (
				192FD139187E8981005D1A3C /* WeChatSDK */,
				192FD136187E897B005D1A3C /* CNSShareManager.h */,
				192FD137187E897B005D1A3C /* CNSShareManager.m */,
			);
			name = SNS;
			sourceTree = "<group>";
		};
		192FD139187E8981005D1A3C /* WeChatSDK */ = {
			isa = PBXGroup;
			children = (
				192FD13A187E8981005D1A3C /* libWeChatSDK.a */,
				192FD13B187E8981005D1A3C /* WXApi.h */,
				192FD13C187E8981005D1A3C /* WXApiObject.h */,
			);
			path = WeChatSDK;
			sourceTree = "<group>";
		};
		1942D9391869619E00B87C64 = {
			isa = PBXGroup;
			children = (
				1942D94B1869619F00B87C64 /* Rhea */,
				1942D9641869619F00B87C64 /* RheaTests */,
				1942D9441869619F00B87C64 /* Frameworks */,
				1942D9431869619F00B87C64 /* Products */,
				368222D05494443C864538E2 /* Pods.xcconfig */,
			);
			sourceTree = "<group>";
		};
		1942D9431869619F00B87C64 /* Products */ = {
			isa = PBXGroup;
			children = (
				1942D9421869619F00B87C64 /* Rhea.app */,
				1942D95D1869619F00B87C64 /* RheaTests.xctest */,
			);
			name = Products;
			sourceTree = "<group>";
		};
		1942D9441869619F00B87C64 /* Frameworks */ = {
			isa = PBXGroup;
			children = (
				1942D9451869619F00B87C64 /* Foundation.framework */,
				1942D9471869619F00B87C64 /* CoreGraphics.framework */,
				1942D9491869619F00B87C64 /* UIKit.framework */,
				1942D95E1869619F00B87C64 /* XCTest.framework */,
				9760B72B54144719A24463C8 /* libPods.a */,
			);
			name = Frameworks;
			sourceTree = "<group>";
		};
		1942D94B1869619F00B87C64 /* Rhea */ = {
			isa = PBXGroup;
			children = (
				190AE0B7186977250071E892 /* Controller */,
				190AE0B6186977140071E892 /* Modle */,
				190AE0B51869770C0071E892 /* View */,
				196E5AB0186BDC7C006F25DF /* API */,
				190AE0B4186976CA0071E892 /* Resource */,
				190AE0B1186976510071E892 /* Application */,
				1942D94C1869619F00B87C64 /* Supporting Files */,
			);
			path = Rhea;
			sourceTree = "<group>";
		};
		1942D94C1869619F00B87C64 /* Supporting Files */ = {
			isa = PBXGroup;
			children = (
				1942D94D1869619F00B87C64 /* Rhea-Info.plist */,
				1942D94E1869619F00B87C64 /* InfoPlist.strings */,
				1942D9511869619F00B87C64 /* main.m */,
				1942D9531869619F00B87C64 /* Rhea-Prefix.pch */,
			);
			name = "Supporting Files";
			sourceTree = "<group>";
		};
		1942D9641869619F00B87C64 /* RheaTests */ = {
			isa = PBXGroup;
			children = (
				1942D96A1869619F00B87C64 /* RheaTests.m */,
				1942D9651869619F00B87C64 /* Supporting Files */,
			);
			path = RheaTests;
			sourceTree = "<group>";
		};
		1942D9651869619F00B87C64 /* Supporting Files */ = {
			isa = PBXGroup;
			children = (
				1942D9661869619F00B87C64 /* RheaTests-Info.plist */,
				1942D9671869619F00B87C64 /* InfoPlist.strings */,
			);
			name = "Supporting Files";
			sourceTree = "<group>";
		};
		196E5136188E0FE0005F0C77 /* Edit */ = {
			isa = PBXGroup;
			children = (
				196E5AAD186BD387006F25DF /* REAddCarViewController.h */,
				196E5AAE186BD387006F25DF /* REAddCarViewController.m */,
				19400A04188934A1009A2B57 /* REInputVinCodeViewController.h */,
				19400A05188934A1009A2B57 /* REInputVinCodeViewController.m */,
				196E5ABD186C1393006F25DF /* RECityListViewController.h */,
				196E5ABE186C1393006F25DF /* RECityListViewController.m */,
				193CD72018752916009FF3E3 /* RESelectCarTypeViewController.h */,
				193CD72118752916009FF3E3 /* RESelectCarTypeViewController.m */,
				19D3F225188FA8710040F684 /* REAbbreviationListViewController.h */,
				19D3F226188FA8710040F684 /* REAbbreviationListViewController.m */,
			);
			name = Edit;
			sourceTree = "<group>";
		};
		196E5137188E100D005F0C77 /* Setting */ = {
			isa = PBXGroup;
			children = (
				192FD132187E88F9005D1A3C /* REMoreViewController.h */,
				192FD133187E88F9005D1A3C /* REMoreViewController.m */,
				1974D419188526AB000AFEA1 /* REManageCarViewController.h */,
				1974D41A188526AB000AFEA1 /* REManageCarViewController.m */,
			);
			name = Setting;
			sourceTree = "<group>";
		};
		196E5138188E1027005F0C77 /* HomePage */ = {
			isa = PBXGroup;
			children = (
				196E5AA7186BCABC006F25DF /* REHomePageViewController.h */,
				196E5AA8186BCABC006F25DF /* REHomePageViewController.m */,
			);
			name = HomePage;
			sourceTree = "<group>";
		};
		196E5139188E1037005F0C77 /* Detail */ = {
			isa = PBXGroup;
			children = (
				193CD72C1875680F009FF3E3 /* REDetailListViewController.h */,
				193CD72D1875680F009FF3E3 /* REDetailListViewController.m */,
				192FD108187E4EC1005D1A3C /* REDetailViewController.h */,
				192FD109187E4EC1005D1A3C /* REDetailViewController.m */,
				19EC2F171876A75A003D1E7F /* REBreakRulesDetailViewController.h */,
				19EC2F181876A75A003D1E7F /* REBreakRulesDetailViewController.m */,
				19EC2F141876A727003D1E7F /* RERecallDetailViewController.h */,
				19EC2F151876A727003D1E7F /* RERecallDetailViewController.m */,
			);
			name = Detail;
			sourceTree = "<group>";
		};
		196E5AA0186BC928006F25DF /* Banner */ = {
			isa = PBXGroup;
			children = (
				196E5AA1186BC934006F25DF /* CNSBannerView.h */,
				196E5AA2186BC934006F25DF /* CNSBannerView.m */,
				196E5AA3186BC934006F25DF /* CNSPageControl.h */,
				196E5AA4186BC934006F25DF /* CNSPageControl.m */,
			);
			name = Banner;
			sourceTree = "<group>";
		};
		196E5AB0186BDC7C006F25DF /* API */ = {
			isa = PBXGroup;
			children = (
				192FD135187E895B005D1A3C /* SNS */,
				196E5AB7186BE9F0006F25DF /* RELibraryAPI.h */,
				196E5AB8186BE9F0006F25DF /* RELibraryAPI.m */,
				196E5AB4186BE6FE006F25DF /* REHTTPClient.h */,
				196E5AB5186BE6FE006F25DF /* REHTTPClient.m */,
			);
			path = API;
			sourceTree = "<group>";
		};
		196E5AC2186C3771006F25DF /* CityList */ = {
			isa = PBXGroup;
			children = (
				196E5AC3186C37A2006F25DF /* RECityListSectionHeaderView.h */,
				196E5AC4186C37A2006F25DF /* RECityListSectionHeaderView.m */,
				19E253ED186D1DA0004B33A5 /* RECityListCell.h */,
				19E253EE186D1DA0004B33A5 /* RECityListCell.m */,
			);
			name = CityList;
			sourceTree = "<group>";
		};
		1974D41F18854FEB000AFEA1 /* UMeng */ = {
			isa = PBXGroup;
			children = (
				1974D42018855006000AFEA1 /* libMobClickLibrary.a */,
				1974D42118855006000AFEA1 /* MobClick.h */,
			);
			name = UMeng;
			sourceTree = "<group>";
		};
		198A58BE1888CCAF00B66169 /* DAKeyboardControl */ = {
			isa = PBXGroup;
			children = (
				198A58BF1888CCAF00B66169 /* DAKeyboardControl.h */,
				198A58C01888CCAF00B66169 /* DAKeyboardControl.m */,
			);
			path = DAKeyboardControl;
			sourceTree = "<group>";
		};
/* End PBXGroup section */

/* Begin PBXNativeTarget section */
		1942D9411869619F00B87C64 /* Rhea */ = {
			isa = PBXNativeTarget;
			buildConfigurationList = 1942D96E1869619F00B87C64 /* Build configuration list for PBXNativeTarget "Rhea" */;
			buildPhases = (
				F6020E317FF94AE394C23086 /* Check Pods Manifest.lock */,
				1942D93E1869619F00B87C64 /* Sources */,
				1942D93F1869619F00B87C64 /* Frameworks */,
				1942D9401869619F00B87C64 /* Resources */,
				5E6BB206E0344A7B8FCBF844 /* Copy Pods Resources */,
			);
			buildRules = (
			);
			dependencies = (
			);
			name = Rhea;
			productName = Rhea;
			productReference = 1942D9421869619F00B87C64 /* Rhea.app */;
			productType = "com.apple.product-type.application";
		};
		1942D95C1869619F00B87C64 /* RheaTests */ = {
			isa = PBXNativeTarget;
			buildConfigurationList = 1942D9711869619F00B87C64 /* Build configuration list for PBXNativeTarget "RheaTests" */;
			buildPhases = (
				1942D9591869619F00B87C64 /* Sources */,
				1942D95A1869619F00B87C64 /* Frameworks */,
				1942D95B1869619F00B87C64 /* Resources */,
			);
			buildRules = (
			);
			dependencies = (
				1942D9631869619F00B87C64 /* PBXTargetDependency */,
			);
			name = RheaTests;
			productName = RheaTests;
			productReference = 1942D95D1869619F00B87C64 /* RheaTests.xctest */;
			productType = "com.apple.product-type.bundle.unit-test";
		};
/* End PBXNativeTarget section */

/* Begin PBXProject section */
		1942D93A1869619E00B87C64 /* Project object */ = {
			isa = PBXProject;
			attributes = {
				CLASSPREFIX = RE;
				LastUpgradeCheck = 0500;
				ORGANIZATIONNAME = Tiger;
				TargetAttributes = {
					1942D9411869619F00B87C64 = {
						DevelopmentTeam = Q6HJ7F883G;
					};
					1942D95C1869619F00B87C64 = {
						TestTargetID = 1942D9411869619F00B87C64;
					};
				};
			};
			buildConfigurationList = 1942D93D1869619E00B87C64 /* Build configuration list for PBXProject "Rhea" */;
			compatibilityVersion = "Xcode 3.2";
			developmentRegion = English;
			hasScannedForEncodings = 0;
			knownRegions = (
				en,
			);
			mainGroup = 1942D9391869619E00B87C64;
			productRefGroup = 1942D9431869619F00B87C64 /* Products */;
			projectDirPath = "";
			projectRoot = "";
			targets = (
				1942D9411869619F00B87C64 /* Rhea */,
				1942D95C1869619F00B87C64 /* RheaTests */,
			);
		};
/* End PBXProject section */

/* Begin PBXResourcesBuildPhase section */
		1942D9401869619F00B87C64 /* Resources */ = {
			isa = PBXResourcesBuildPhase;
			buildActionMask = 2147483647;
			files = (
				19423AC418911BEF009E0936 /* input_bar_bg_right_angle@2x.png in Resources */,
				192FD126187E874C005D1A3C /* banner_image_place_holder@2x.png in Resources */,
				19423AAD1890C1C2009E0936 /* home_page_logo@2x.png in Resources */,
				19423AAF1890C7F6009E0936 /* section_title_bg@2x.png in Resources */,
				19423AD3189128A9009E0936 /* detail_recall_highlighted@2x.png in Resources */,
				192FD115187E8019005D1A3C /* webview_back_normal@2x.png in Resources */,
				1985C81F18717A130005BB09 /* CarType.json in Resources */,
				19A0EC2118920FF7009868F8 /* Abbreviation.json in Resources */,
				1942D9501869619F00B87C64 /* InfoPlist.strings in Resources */,
				192FD127187E874C005D1A3C /* banner_place_holder@2x.png in Resources */,
				19423AC018910606009E0936 /* input_bar_bg@2x.png in Resources */,
				19423AC218910B8F009E0936 /* add_car_up_rounded@2x.png in Resources */,
				19423ABE18910606009E0936 /* add_car_text_border_rounded@2x.png in Resources */,
				19423AAB1890BB65009E0936 /* last_cell_shadow@2x.png in Resources */,
				19423AD2189128A9009E0936 /* detail_break_rules_highlighted@2x.png in Resources */,
				19423ABC18910606009E0936 /* add_car_caption_bg@2x.png in Resources */,
				19423AD4189128A9009E0936 /* detail_recall_normal@2x.png in Resources */,
				192FD118187E8019005D1A3C /* webview_refresh_hithlighted@2x.png in Resources */,
				19423ABF18910606009E0936 /* button@2x.png in Resources */,
				1932C66E1884D7FB0026B0A5 /* item_more_normal@2x.png in Resources */,
				192FD114187E8019005D1A3C /* webview_back_hithlighted@2x.png in Resources */,
				1942D9581869619F00B87C64 /* Images.xcassets in Resources */,
				19A0EC28189265F2009868F8 /* icon_60@2x.png in Resources */,
				19423AB31890E483009E0936 /* bg.jpg in Resources */,
				192FD119187E8019005D1A3C /* webview_refresh_normal@2x.png in Resources */,
				19423AB11890C962009E0936 /* homepage_add_car_bg@2x.png in Resources */,
				192FD116187E8019005D1A3C /* webview_forward_highlithed@2x.png in Resources */,
				192FD130187E874C005D1A3C /* navigation_bar@2x.png in Resources */,
				19423ABD18910606009E0936 /* add_car_text_border_right_angle@2x.png in Resources */,
				192FD12C187E874C005D1A3C /* item_back_normal@2x.png in Resources */,
				19423AD1189128A9009E0936 /* detail_break_rules_normal@2x.png in Resources */,
				19A0EC2318923414009868F8 /* vin_engine_code_example@2x.png in Resources */,
				192FD117187E8019005D1A3C /* webview_forward_normal@2x.png in Resources */,
			);
			runOnlyForDeploymentPostprocessing = 0;
		};
		1942D95B1869619F00B87C64 /* Resources */ = {
			isa = PBXResourcesBuildPhase;
			buildActionMask = 2147483647;
			files = (
				1942D9691869619F00B87C64 /* InfoPlist.strings in Resources */,
			);
			runOnlyForDeploymentPostprocessing = 0;
		};
/* End PBXResourcesBuildPhase section */

/* Begin PBXShellScriptBuildPhase section */
		5E6BB206E0344A7B8FCBF844 /* Copy Pods Resources */ = {
			isa = PBXShellScriptBuildPhase;
			buildActionMask = 2147483647;
			files = (
			);
			inputPaths = (
			);
			name = "Copy Pods Resources";
			outputPaths = (
			);
			runOnlyForDeploymentPostprocessing = 0;
			shellPath = /bin/sh;
			shellScript = "\"${SRCROOT}/Pods/Pods-resources.sh\"\n";
			showEnvVarsInLog = 0;
		};
		F6020E317FF94AE394C23086 /* Check Pods Manifest.lock */ = {
			isa = PBXShellScriptBuildPhase;
			buildActionMask = 2147483647;
			files = (
			);
			inputPaths = (
			);
			name = "Check Pods Manifest.lock";
			outputPaths = (
			);
			runOnlyForDeploymentPostprocessing = 0;
			shellPath = /bin/sh;
			shellScript = "diff \"${PODS_ROOT}/../Podfile.lock\" \"${PODS_ROOT}/Manifest.lock\" > /dev/null\nif [[ $? != 0 ]] ; then\n    cat << EOM\nerror: The sandbox is not in sync with the Podfile.lock. Run 'pod install' or update your CocoaPods installation.\nEOM\n    exit 1\nfi\n";
			showEnvVarsInLog = 0;
		};
/* End PBXShellScriptBuildPhase section */

/* Begin PBXSourcesBuildPhase section */
		1942D93E1869619F00B87C64 /* Sources */ = {
			isa = PBXSourcesBuildPhase;
			buildActionMask = 2147483647;
			files = (
				19E253EF186D1DA0004B33A5 /* RECityListCell.m in Sources */,
				196E5ABF186C1393006F25DF /* RECityListViewController.m in Sources */,
				1942D9521869619F00B87C64 /* main.m in Sources */,
				196E5AAF186BD387006F25DF /* REAddCarViewController.m in Sources */,
				19D3F227188FA8710040F684 /* REAbbreviationListViewController.m in Sources */,
				1942D9561869619F00B87C64 /* REAppDelegate.m in Sources */,
				196E5ABC186BFCB7006F25DF /* RECity.m in Sources */,
				192FD138187E897B005D1A3C /* CNSShareManager.m in Sources */,
				198A58C11888CCAF00B66169 /* DAKeyboardControl.m in Sources */,
				196E5AAC186BCDA3006F25DF /* REBanner.m in Sources */,
				192FD10A187E4EC1005D1A3C /* REDetailViewController.m in Sources */,
				193CD72E1875680F009FF3E3 /* REDetailListViewController.m in Sources */,
				193CD725187563D5009FF3E3 /* RERecallInfo.m in Sources */,
				196E5AA5186BC934006F25DF /* CNSBannerView.m in Sources */,
				1974D41E188528CD000AFEA1 /* RECarDeleteCell.m in Sources */,
				196E5AC5186C37A2006F25DF /* RECityListSectionHeaderView.m in Sources */,
				19400A06188934A1009A2B57 /* REInputVinCodeViewController.m in Sources */,
				1974225918729CF8009B72EF /* REInputCell.m in Sources */,
				19EC2F161876A727003D1E7F /* RERecallDetailViewController.m in Sources */,
				196E5AB6186BE6FE006F25DF /* REHTTPClient.m in Sources */,
				19D3F22A188FAF7B0040F684 /* REDetailCell.m in Sources */,
				19EC2F191876A75A003D1E7F /* REBreakRulesDetailViewController.m in Sources */,
				196E5AA6186BC934006F25DF /* CNSPageControl.m in Sources */,
				196E5AB9186BE9F0006F25DF /* RELibraryAPI.m in Sources */,
				192FD10D187E7F99005D1A3C /* REWebViewController.m in Sources */,
				192FD140187E901F005D1A3C /* REHomePageCell.m in Sources */,
				1974D41B188526AB000AFEA1 /* REManageCarViewController.m in Sources */,
				1985C81D187177B00005BB09 /* RECarType.m in Sources */,
				193CD72B1875679A009FF3E3 /* APOSwitchPageView.m in Sources */,
				196E5AA9186BCABC006F25DF /* REHomePageViewController.m in Sources */,
				192FD107187E3D86005D1A3C /* REBreakRulesInfo.m in Sources */,
				193CD72218752916009FF3E3 /* RESelectCarTypeViewController.m in Sources */,
				19A0EC26189250EC009868F8 /* REExampleView.m in Sources */,
				192FD134187E88F9005D1A3C /* REMoreViewController.m in Sources */,
				190AE0BE1869781F0071E892 /* RENavigationController.m in Sources */,
				190AE0BB186977F90071E892 /* REViewController.m in Sources */,
				19423AB61890EF58009E0936 /* REDetailHeaderView.m in Sources */,
				1985C81A18715D290005BB09 /* RECar.m in Sources */,
			);
			runOnlyForDeploymentPostprocessing = 0;
		};
		1942D9591869619F00B87C64 /* Sources */ = {
			isa = PBXSourcesBuildPhase;
			buildActionMask = 2147483647;
			files = (
				1942D96B1869619F00B87C64 /* RheaTests.m in Sources */,
			);
			runOnlyForDeploymentPostprocessing = 0;
		};
/* End PBXSourcesBuildPhase section */

/* Begin PBXTargetDependency section */
		1942D9631869619F00B87C64 /* PBXTargetDependency */ = {
			isa = PBXTargetDependency;
			target = 1942D9411869619F00B87C64 /* Rhea */;
			targetProxy = 1942D9621869619F00B87C64 /* PBXContainerItemProxy */;
		};
/* End PBXTargetDependency section */

/* Begin PBXVariantGroup section */
		1942D94E1869619F00B87C64 /* InfoPlist.strings */ = {
			isa = PBXVariantGroup;
			children = (
				1942D94F1869619F00B87C64 /* en */,
			);
			name = InfoPlist.strings;
			sourceTree = "<group>";
		};
		1942D9671869619F00B87C64 /* InfoPlist.strings */ = {
			isa = PBXVariantGroup;
			children = (
				1942D9681869619F00B87C64 /* en */,
			);
			name = InfoPlist.strings;
			sourceTree = "<group>";
		};
/* End PBXVariantGroup section */

/* Begin XCBuildConfiguration section */
		1942D96C1869619F00B87C64 /* Debug */ = {
			isa = XCBuildConfiguration;
			buildSettings = {
				ALWAYS_SEARCH_USER_PATHS = NO;
				ARCHS = "$(ARCHS_STANDARD_INCLUDING_64_BIT)";
				CLANG_CXX_LANGUAGE_STANDARD = "gnu++0x";
				CLANG_CXX_LIBRARY = "libc++";
				CLANG_ENABLE_MODULES = YES;
				CLANG_ENABLE_OBJC_ARC = YES;
				CLANG_WARN_BOOL_CONVERSION = YES;
				CLANG_WARN_CONSTANT_CONVERSION = YES;
				CLANG_WARN_DIRECT_OBJC_ISA_USAGE = YES_ERROR;
				CLANG_WARN_EMPTY_BODY = YES;
				CLANG_WARN_ENUM_CONVERSION = YES;
				CLANG_WARN_INT_CONVERSION = YES;
				CLANG_WARN_OBJC_ROOT_CLASS = YES_ERROR;
				CLANG_WARN__DUPLICATE_METHOD_MATCH = YES;
				"CODE_SIGN_IDENTITY[sdk=iphoneos*]" = "iPhone Developer";
				COPY_PHASE_STRIP = NO;
				GCC_C_LANGUAGE_STANDARD = gnu99;
				GCC_DYNAMIC_NO_PIC = NO;
				GCC_OPTIMIZATION_LEVEL = 0;
				GCC_PREPROCESSOR_DEFINITIONS = (
					"DEBUG=1",
					"$(inherited)",
				);
				GCC_SYMBOLS_PRIVATE_EXTERN = NO;
				GCC_WARN_64_TO_32_BIT_CONVERSION = YES;
				GCC_WARN_ABOUT_RETURN_TYPE = YES_ERROR;
				GCC_WARN_UNDECLARED_SELECTOR = YES;
				GCC_WARN_UNINITIALIZED_AUTOS = YES;
				GCC_WARN_UNUSED_FUNCTION = YES;
				GCC_WARN_UNUSED_VARIABLE = YES;
				IPHONEOS_DEPLOYMENT_TARGET = 7.0;
				ONLY_ACTIVE_ARCH = YES;
				SDKROOT = iphoneos;
			};
			name = Debug;
		};
		1942D96D1869619F00B87C64 /* Release */ = {
			isa = XCBuildConfiguration;
			buildSettings = {
				ALWAYS_SEARCH_USER_PATHS = NO;
				ARCHS = "$(ARCHS_STANDARD_INCLUDING_64_BIT)";
				CLANG_CXX_LANGUAGE_STANDARD = "gnu++0x";
				CLANG_CXX_LIBRARY = "libc++";
				CLANG_ENABLE_MODULES = YES;
				CLANG_ENABLE_OBJC_ARC = YES;
				CLANG_WARN_BOOL_CONVERSION = YES;
				CLANG_WARN_CONSTANT_CONVERSION = YES;
				CLANG_WARN_DIRECT_OBJC_ISA_USAGE = YES_ERROR;
				CLANG_WARN_EMPTY_BODY = YES;
				CLANG_WARN_ENUM_CONVERSION = YES;
				CLANG_WARN_INT_CONVERSION = YES;
				CLANG_WARN_OBJC_ROOT_CLASS = YES_ERROR;
				CLANG_WARN__DUPLICATE_METHOD_MATCH = YES;
				"CODE_SIGN_IDENTITY[sdk=iphoneos*]" = "iPhone Developer";
				COPY_PHASE_STRIP = YES;
				ENABLE_NS_ASSERTIONS = NO;
				GCC_C_LANGUAGE_STANDARD = gnu99;
				GCC_WARN_64_TO_32_BIT_CONVERSION = YES;
				GCC_WARN_ABOUT_RETURN_TYPE = YES_ERROR;
				GCC_WARN_UNDECLARED_SELECTOR = YES;
				GCC_WARN_UNINITIALIZED_AUTOS = YES;
				GCC_WARN_UNUSED_FUNCTION = YES;
				GCC_WARN_UNUSED_VARIABLE = YES;
				IPHONEOS_DEPLOYMENT_TARGET = 7.0;
				SDKROOT = iphoneos;
				VALIDATE_PRODUCT = YES;
			};
			name = Release;
		};
		1942D96F1869619F00B87C64 /* Debug */ = {
			isa = XCBuildConfiguration;
			baseConfigurationReference = 368222D05494443C864538E2 /* Pods.xcconfig */;
			buildSettings = {
				ASSETCATALOG_COMPILER_APPICON_NAME = AppIcon;
				ASSETCATALOG_COMPILER_LAUNCHIMAGE_NAME = LaunchImage;
				CODE_SIGN_IDENTITY = "iPhone Developer";
				GCC_PRECOMPILE_PREFIX_HEADER = YES;
				GCC_PREFIX_HEADER = "Rhea/Rhea-Prefix.pch";
				INFOPLIST_FILE = "Rhea/Rhea-Info.plist";
				IPHONEOS_DEPLOYMENT_TARGET = 6.0;
				LIBRARY_SEARCH_PATHS = (
					"$(inherited)",
					/Users/tiger/Desktop/Rhea/Rhea/API/WeChatSDK,
					/Users/tiger/Desktop/Rhea/Rhea/Resource,
				);
				PRODUCT_NAME = "$(TARGET_NAME)";
				VALID_ARCHS = "armv7 armv7s";
				WRAPPER_EXTENSION = app;
			};
			name = Debug;
		};
		1942D9701869619F00B87C64 /* Release */ = {
			isa = XCBuildConfiguration;
			baseConfigurationReference = 368222D05494443C864538E2 /* Pods.xcconfig */;
			buildSettings = {
				ASSETCATALOG_COMPILER_APPICON_NAME = AppIcon;
				ASSETCATALOG_COMPILER_LAUNCHIMAGE_NAME = LaunchImage;
				CODE_SIGN_IDENTITY = "iPhone Developer";
				GCC_PRECOMPILE_PREFIX_HEADER = YES;
				GCC_PREFIX_HEADER = "Rhea/Rhea-Prefix.pch";
				INFOPLIST_FILE = "Rhea/Rhea-Info.plist";
				IPHONEOS_DEPLOYMENT_TARGET = 6.0;
				LIBRARY_SEARCH_PATHS = (
					"$(inherited)",
					/Users/tiger/Desktop/Rhea/Rhea/API/WeChatSDK,
					/Users/tiger/Desktop/Rhea/Rhea/Resource,
				);
				PRODUCT_NAME = "$(TARGET_NAME)";
				VALID_ARCHS = "armv7 armv7s";
				WRAPPER_EXTENSION = app;
			};
			name = Release;
		};
		1942D9721869619F00B87C64 /* Debug */ = {
			isa = XCBuildConfiguration;
			buildSettings = {
				ARCHS = "$(ARCHS_STANDARD_INCLUDING_64_BIT)";
				BUNDLE_LOADER = "$(BUILT_PRODUCTS_DIR)/Rhea.app/Rhea";
				FRAMEWORK_SEARCH_PATHS = (
					"$(SDKROOT)/Developer/Library/Frameworks",
					"$(inherited)",
					"$(DEVELOPER_FRAMEWORKS_DIR)",
				);
				GCC_PRECOMPILE_PREFIX_HEADER = YES;
				GCC_PREFIX_HEADER = "Rhea/Rhea-Prefix.pch";
				GCC_PREPROCESSOR_DEFINITIONS = (
					"DEBUG=1",
					"$(inherited)",
				);
				INFOPLIST_FILE = "RheaTests/RheaTests-Info.plist";
				PRODUCT_NAME = "$(TARGET_NAME)";
				TEST_HOST = "$(BUNDLE_LOADER)";
				WRAPPER_EXTENSION = xctest;
			};
			name = Debug;
		};
		1942D9731869619F00B87C64 /* Release */ = {
			isa = XCBuildConfiguration;
			buildSettings = {
				ARCHS = "$(ARCHS_STANDARD_INCLUDING_64_BIT)";
				BUNDLE_LOADER = "$(BUILT_PRODUCTS_DIR)/Rhea.app/Rhea";
				FRAMEWORK_SEARCH_PATHS = (
					"$(SDKROOT)/Developer/Library/Frameworks",
					"$(inherited)",
					"$(DEVELOPER_FRAMEWORKS_DIR)",
				);
				GCC_PRECOMPILE_PREFIX_HEADER = YES;
				GCC_PREFIX_HEADER = "Rhea/Rhea-Prefix.pch";
				INFOPLIST_FILE = "RheaTests/RheaTests-Info.plist";
				PRODUCT_NAME = "$(TARGET_NAME)";
				TEST_HOST = "$(BUNDLE_LOADER)";
				WRAPPER_EXTENSION = xctest;
			};
			name = Release;
		};
/* End XCBuildConfiguration section */

/* Begin XCConfigurationList section */
		1942D93D1869619E00B87C64 /* Build configuration list for PBXProject "Rhea" */ = {
			isa = XCConfigurationList;
			buildConfigurations = (
				1942D96C1869619F00B87C64 /* Debug */,
				1942D96D1869619F00B87C64 /* Release */,
			);
			defaultConfigurationIsVisible = 0;
			defaultConfigurationName = Release;
		};
		1942D96E1869619F00B87C64 /* Build configuration list for PBXNativeTarget "Rhea" */ = {
			isa = XCConfigurationList;
			buildConfigurations = (
				1942D96F1869619F00B87C64 /* Debug */,
				1942D9701869619F00B87C64 /* Release */,
			);
			defaultConfigurationIsVisible = 0;
			defaultConfigurationName = Release;
		};
		1942D9711869619F00B87C64 /* Build configuration list for PBXNativeTarget "RheaTests" */ = {
			isa = XCConfigurationList;
			buildConfigurations = (
				1942D9721869619F00B87C64 /* Debug */,
				1942D9731869619F00B87C64 /* Release */,
			);
			defaultConfigurationIsVisible = 0;
			defaultConfigurationName = Release;
		};
/* End XCConfigurationList section */
	};
	rootObject = 1942D93A1869619E00B87C64 /* Project object */;
}
