// !$*UTF8*$!
{
	archiveVersion = 1;
	classes = {
	};
	objectVersion = 46;
	objects = {

/* Begin PBXBuildFile section */
		1942D9461869619F00B87C64 /* Foundation.framework in Frameworks */ = {isa = PBXBuildFile; fileRef = 1942D9451869619F00B87C64 /* Foundation.framework */; };
		1942D9481869619F00B87C64 /* CoreGraphics.framework in Frameworks */ = {isa = PBXBuildFile; fileRef = 1942D9471869619F00B87C64 /* CoreGraphics.framework */; };
		1942D94A1869619F00B87C64 /* UIKit.framework in Frameworks */ = {isa = PBXBuildFile; fileRef = 1942D9491869619F00B87C64 /* UIKit.framework */; };
		1942D9501869619F00B87C64 /* InfoPlist.strings in Resources */ = {isa = PBXBuildFile; fileRef = 1942D94E1869619F00B87C64 /* InfoPlist.strings */; };
		1942D9521869619F00B87C64 /* main.m in Sources */ = {isa = PBXBuildFile; fileRef = 1942D9511869619F00B87C64 /* main.m */; };
		1942D9561869619F00B87C64 /* REAppDelegate.m in Sources */ = {isa = PBXBuildFile; fileRef = 1942D9551869619F00B87C64 /* REAppDelegate.m */; };
		1942D9581869619F00B87C64 /* Images.xcassets in Resources */ = {isa = PBXBuildFile; fileRef = 1942D9571869619F00B87C64 /* Images.xcassets */; };
		1942D95F1869619F00B87C64 /* XCTest.framework in Frameworks */ = {isa = PBXBuildFile; fileRef = 1942D95E1869619F00B87C64 /* XCTest.framework */; };
		1942D9601869619F00B87C64 /* Foundation.framework in Frameworks */ = {isa = PBXBuildFile; fileRef = 1942D9451869619F00B87C64 /* Foundation.framework */; };
		1942D9611869619F00B87C64 /* UIKit.framework in Frameworks */ = {isa = PBXBuildFile; fileRef = 1942D9491869619F00B87C64 /* UIKit.framework */; };
		1942D9691869619F00B87C64 /* InfoPlist.strings in Resources */ = {isa = PBXBuildFile; fileRef = 1942D9671869619F00B87C64 /* InfoPlist.strings */; };
		1942D96B1869619F00B87C64 /* RheaTests.m in Sources */ = {isa = PBXBuildFile; fileRef = 1942D96A1869619F00B87C64 /* RheaTests.m */; };
/* End PBXBuildFile section */

/* Begin PBXContainerItemProxy section */
		1942D9621869619F00B87C64 /* PBXContainerItemProxy */ = {
			isa = PBXContainerItemProxy;
			containerPortal = 1942D93A1869619E00B87C64 /* Project object */;
			proxyType = 1;
			remoteGlobalIDString = 1942D9411869619F00B87C64;
			remoteInfo = Rhea;
		};
/* End PBXContainerItemProxy section */

/* Begin PBXFileReference section */
		1942D9421869619F00B87C64 /* Rhea.app */ = {isa = PBXFileReference; explicitFileType = wrapper.application; includeInIndex = 0; path = Rhea.app; sourceTree = BUILT_PRODUCTS_DIR; };
		1942D9451869619F00B87C64 /* Foundation.framework */ = {isa = PBXFileReference; lastKnownFileType = wrapper.framework; name = Foundation.framework; path = System/Library/Frameworks/Foundation.framework; sourceTree = SDKROOT; };
		1942D9471869619F00B87C64 /* CoreGraphics.framework */ = {isa = PBXFileReference; lastKnownFileType = wrapper.framework; name = CoreGraphics.framework; path = System/Library/Frameworks/CoreGraphics.framework; sourceTree = SDKROOT; };
		1942D9491869619F00B87C64 /* UIKit.framework */ = {isa = PBXFileReference; lastKnownFileType = wrapper.framework; name = UIKit.framework; path = System/Library/Frameworks/UIKit.framework; sourceTree = SDKROOT; };
		1942D94D1869619F00B87C64 /* Rhea-Info.plist */ = {isa = PBXFileReference; lastKnownFileType = text.plist.xml; path = "Rhea-Info.plist"; sourceTree = "<group>"; };
		1942D94F1869619F00B87C64 /* en */ = {isa = PBXFileReference; lastKnownFileType = text.plist.strings; name = en; path = en.lproj/InfoPlist.strings; sourceTree = "<group>"; };
		1942D9511869619F00B87C64 /* main.m */ = {isa = PBXFileReference; lastKnownFileType = sourcecode.c.objc; path = main.m; sourceTree = "<group>"; };
		1942D9531869619F00B87C64 /* Rhea-Prefix.pch */ = {isa = PBXFileReference; lastKnownFileType = sourcecode.c.h; path = "Rhea-Prefix.pch"; sourceTree = "<group>"; };
		1942D9541869619F00B87C64 /* REAppDelegate.h */ = {isa = PBXFileReference; lastKnownFileType = sourcecode.c.h; path = REAppDelegate.h; sourceTree = "<group>"; };
		1942D9551869619F00B87C64 /* REAppDelegate.m */ = {isa = PBXFileReference; lastKnownFileType = sourcecode.c.objc; path = REAppDelegate.m; sourceTree = "<group>"; };
		1942D9571869619F00B87C64 /* Images.xcassets */ = {isa = PBXFileReference; lastKnownFileType = folder.assetcatalog; path = Images.xcassets; sourceTree = "<group>"; };
		1942D95D1869619F00B87C64 /* RheaTests.xctest */ = {isa = PBXFileReference; explicitFileType = wrapper.cfbundle; includeInIndex = 0; path = RheaTests.xctest; sourceTree = BUILT_PRODUCTS_DIR; };
		1942D95E1869619F00B87C64 /* XCTest.framework */ = {isa = PBXFileReference; lastKnownFileType = wrapper.framework; name = XCTest.framework; path = Library/Frameworks/XCTest.framework; sourceTree = DEVELOPER_DIR; };
		1942D9661869619F00B87C64 /* RheaTests-Info.plist */ = {isa = PBXFileReference; lastKnownFileType = text.plist.xml; path = "RheaTests-Info.plist"; sourceTree = "<group>"; };
		1942D9681869619F00B87C64 /* en */ = {isa = PBXFileReference; lastKnownFileType = text.plist.strings; name = en; path = en.lproj/InfoPlist.strings; sourceTree = "<group>"; };
		1942D96A1869619F00B87C64 /* RheaTests.m */ = {isa = PBXFileReference; lastKnownFileType = sourcecode.c.objc; path = RheaTests.m; sourceTree = "<group>"; };
/* End PBXFileReference section */

/* Begin PBXFrameworksBuildPhase section */
		1942D93F1869619F00B87C64 /* Frameworks */ = {
			isa = PBXFrameworksBuildPhase;
			buildActionMask = 2147483647;
			files = (
				1942D9481869619F00B87C64 /* CoreGraphics.framework in Frameworks */,
				1942D94A1869619F00B87C64 /* UIKit.framework in Frameworks */,
				1942D9461869619F00B87C64 /* Foundation.framework in Frameworks */,
			);
			runOnlyForDeploymentPostprocessing = 0;
		};
		1942D95A1869619F00B87C64 /* Frameworks */ = {
			isa = PBXFrameworksBuildPhase;
			buildActionMask = 2147483647;
			files = (
				1942D95F1869619F00B87C64 /* XCTest.framework in Frameworks */,
				1942D9611869619F00B87C64 /* UIKit.framework in Frameworks */,
				1942D9601869619F00B87C64 /* Foundation.framework in Frameworks */,
			);
			runOnlyForDeploymentPostprocessing = 0;
		};
/* End PBXFrameworksBuildPhase section */

/* Begin PBXGroup section */
		1942D9391869619E00B87C64 = {
			isa = PBXGroup;
			children = (
				1942D94B1869619F00B87C64 /* Rhea */,
				1942D9641869619F00B87C64 /* RheaTests */,
				1942D9441869619F00B87C64 /* Frameworks */,
				1942D9431869619F00B87C64 /* Products */,
			);
			sourceTree = "<group>";
		};
		1942D9431869619F00B87C64 /* Products */ = {
			isa = PBXGroup;
			children = (
				1942D9421869619F00B87C64 /* Rhea.app */,
				1942D95D1869619F00B87C64 /* RheaTests.xctest */,
			);
			name = Products;
			sourceTree = "<group>";
		};
		1942D9441869619F00B87C64 /* Frameworks */ = {
			isa = PBXGroup;
			children = (
				1942D9451869619F00B87C64 /* Foundation.framework */,
				1942D9471869619F00B87C64 /* CoreGraphics.framework */,
				1942D9491869619F00B87C64 /* UIKit.framework */,
				1942D95E1869619F00B87C64 /* XCTest.framework */,
			);
			name = Frameworks;
			sourceTree = "<group>";
		};
		1942D94B1869619F00B87C64 /* Rhea */ = {
			isa = PBXGroup;
			children = (
				1942D9541869619F00B87C64 /* REAppDelegate.h */,
				1942D9551869619F00B87C64 /* REAppDelegate.m */,
				1942D9571869619F00B87C64 /* Images.xcassets */,
				1942D94C1869619F00B87C64 /* Supporting Files */,
			);
			path = Rhea;
			sourceTree = "<group>";
		};
		1942D94C1869619F00B87C64 /* Supporting Files */ = {
			isa = PBXGroup;
			children = (
				1942D94D1869619F00B87C64 /* Rhea-Info.plist */,
				1942D94E1869619F00B87C64 /* InfoPlist.strings */,
				1942D9511869619F00B87C64 /* main.m */,
				1942D9531869619F00B87C64 /* Rhea-Prefix.pch */,
			);
			name = "Supporting Files";
			sourceTree = "<group>";
		};
		1942D9641869619F00B87C64 /* RheaTests */ = {
			isa = PBXGroup;
			children = (
				1942D96A1869619F00B87C64 /* RheaTests.m */,
				1942D9651869619F00B87C64 /* Supporting Files */,
			);
			path = RheaTests;
			sourceTree = "<group>";
		};
		1942D9651869619F00B87C64 /* Supporting Files */ = {
			isa = PBXGroup;
			children = (
				1942D9661869619F00B87C64 /* RheaTests-Info.plist */,
				1942D9671869619F00B87C64 /* InfoPlist.strings */,
			);
			name = "Supporting Files";
			sourceTree = "<group>";
		};
/* End PBXGroup section */

/* Begin PBXNativeTarget section */
		1942D9411869619F00B87C64 /* Rhea */ = {
			isa = PBXNativeTarget;
			buildConfigurationList = 1942D96E1869619F00B87C64 /* Build configuration list for PBXNativeTarget "Rhea" */;
			buildPhases = (
				1942D93E1869619F00B87C64 /* Sources */,
				1942D93F1869619F00B87C64 /* Frameworks */,
				1942D9401869619F00B87C64 /* Resources */,
			);
			buildRules = (
			);
			dependencies = (
			);
			name = Rhea;
			productName = Rhea;
			productReference = 1942D9421869619F00B87C64 /* Rhea.app */;
			productType = "com.apple.product-type.application";
		};
		1942D95C1869619F00B87C64 /* RheaTests */ = {
			isa = PBXNativeTarget;
			buildConfigurationList = 1942D9711869619F00B87C64 /* Build configuration list for PBXNativeTarget "RheaTests" */;
			buildPhases = (
				1942D9591869619F00B87C64 /* Sources */,
				1942D95A1869619F00B87C64 /* Frameworks */,
				1942D95B1869619F00B87C64 /* Resources */,
			);
			buildRules = (
			);
			dependencies = (
				1942D9631869619F00B87C64 /* PBXTargetDependency */,
			);
			name = RheaTests;
			productName = RheaTests;
			productReference = 1942D95D1869619F00B87C64 /* RheaTests.xctest */;
			productType = "com.apple.product-type.bundle.unit-test";
		};
/* End PBXNativeTarget section */

/* Begin PBXProject section */
		1942D93A1869619E00B87C64 /* Project object */ = {
			isa = PBXProject;
			attributes = {
				CLASSPREFIX = RE;
				LastUpgradeCheck = 0500;
				ORGANIZATIONNAME = Tiger;
				TargetAttributes = {
					1942D95C1869619F00B87C64 = {
						TestTargetID = 1942D9411869619F00B87C64;
					};
				};
			};
			buildConfigurationList = 1942D93D1869619E00B87C64 /* Build configuration list for PBXProject "Rhea" */;
			compatibilityVersion = "Xcode 3.2";
			developmentRegion = English;
			hasScannedForEncodings = 0;
			knownRegions = (
				en,
			);
			mainGroup = 1942D9391869619E00B87C64;
			productRefGroup = 1942D9431869619F00B87C64 /* Products */;
			projectDirPath = "";
			projectRoot = "";
			targets = (
				1942D9411869619F00B87C64 /* Rhea */,
				1942D95C1869619F00B87C64 /* RheaTests */,
			);
		};
/* End PBXProject section */

/* Begin PBXResourcesBuildPhase section */
		1942D9401869619F00B87C64 /* Resources */ = {
			isa = PBXResourcesBuildPhase;
			buildActionMask = 2147483647;
			files = (
				1942D9501869619F00B87C64 /* InfoPlist.strings in Resources */,
				1942D9581869619F00B87C64 /* Images.xcassets in Resources */,
			);
			runOnlyForDeploymentPostprocessing = 0;
		};
		1942D95B1869619F00B87C64 /* Resources */ = {
			isa = PBXResourcesBuildPhase;
			buildActionMask = 2147483647;
			files = (
				1942D9691869619F00B87C64 /* InfoPlist.strings in Resources */,
			);
			runOnlyForDeploymentPostprocessing = 0;
		};
/* End PBXResourcesBuildPhase section */

/* Begin PBXSourcesBuildPhase section */
		1942D93E1869619F00B87C64 /* Sources */ = {
			isa = PBXSourcesBuildPhase;
			buildActionMask = 2147483647;
			files = (
				1942D9521869619F00B87C64 /* main.m in Sources */,
				1942D9561869619F00B87C64 /* REAppDelegate.m in Sources */,
			);
			runOnlyForDeploymentPostprocessing = 0;
		};
		1942D9591869619F00B87C64 /* Sources */ = {
			isa = PBXSourcesBuildPhase;
			buildActionMask = 2147483647;
			files = (
				1942D96B1869619F00B87C64 /* RheaTests.m in Sources */,
			);
			runOnlyForDeploymentPostprocessing = 0;
		};
/* End PBXSourcesBuildPhase section */

/* Begin PBXTargetDependency section */
		1942D9631869619F00B87C64 /* PBXTargetDependency */ = {
			isa = PBXTargetDependency;
			target = 1942D9411869619F00B87C64 /* Rhea */;
			targetProxy = 1942D9621869619F00B87C64 /* PBXContainerItemProxy */;
		};
/* End PBXTargetDependency section */

/* Begin PBXVariantGroup section */
		1942D94E1869619F00B87C64 /* InfoPlist.strings */ = {
			isa = PBXVariantGroup;
			children = (
				1942D94F1869619F00B87C64 /* en */,
			);
			name = InfoPlist.strings;
			sourceTree = "<group>";
		};
		1942D9671869619F00B87C64 /* InfoPlist.strings */ = {
			isa = PBXVariantGroup;
			children = (
				1942D9681869619F00B87C64 /* en */,
			);
			name = InfoPlist.strings;
			sourceTree = "<group>";
		};
/* End PBXVariantGroup section */

/* Begin XCBuildConfiguration section */
		1942D96C1869619F00B87C64 /* Debug */ = {
			isa = XCBuildConfiguration;
			buildSettings = {
				ALWAYS_SEARCH_USER_PATHS = NO;
				ARCHS = "$(ARCHS_STANDARD_INCLUDING_64_BIT)";
				CLANG_CXX_LANGUAGE_STANDARD = "gnu++0x";
				CLANG_CXX_LIBRARY = "libc++";
				CLANG_ENABLE_MODULES = YES;
				CLANG_ENABLE_OBJC_ARC = YES;
				CLANG_WARN_BOOL_CONVERSION = YES;
				CLANG_WARN_CONSTANT_CONVERSION = YES;
				CLANG_WARN_DIRECT_OBJC_ISA_USAGE = YES_ERROR;
				CLANG_WARN_EMPTY_BODY = YES;
				CLANG_WARN_ENUM_CONVERSION = YES;
				CLANG_WARN_INT_CONVERSION = YES;
				CLANG_WARN_OBJC_ROOT_CLASS = YES_ERROR;
				CLANG_WARN__DUPLICATE_METHOD_MATCH = YES;
				"CODE_SIGN_IDENTITY[sdk=iphoneos*]" = "iPhone Developer";
				COPY_PHASE_STRIP = NO;
				GCC_C_LANGUAGE_STANDARD = gnu99;
				GCC_DYNAMIC_NO_PIC = NO;
				GCC_OPTIMIZATION_LEVEL = 0;
				GCC_PREPROCESSOR_DEFINITIONS = (
					"DEBUG=1",
					"$(inherited)",
				);
				GCC_SYMBOLS_PRIVATE_EXTERN = NO;
				GCC_WARN_64_TO_32_BIT_CONVERSION = YES;
				GCC_WARN_ABOUT_RETURN_TYPE = YES_ERROR;
				GCC_WARN_UNDECLARED_SELECTOR = YES;
				GCC_WARN_UNINITIALIZED_AUTOS = YES;
				GCC_WARN_UNUSED_FUNCTION = YES;
				GCC_WARN_UNUSED_VARIABLE = YES;
				IPHONEOS_DEPLOYMENT_TARGET = 7.0;
				ONLY_ACTIVE_ARCH = YES;
				SDKROOT = iphoneos;
			};
			name = Debug;
		};
		1942D96D1869619F00B87C64 /* Release */ = {
			isa = XCBuildConfiguration;
			buildSettings = {
				ALWAYS_SEARCH_USER_PATHS = NO;
				ARCHS = "$(ARCHS_STANDARD_INCLUDING_64_BIT)";
				CLANG_CXX_LANGUAGE_STANDARD = "gnu++0x";
				CLANG_CXX_LIBRARY = "libc++";
				CLANG_ENABLE_MODULES = YES;
				CLANG_ENABLE_OBJC_ARC = YES;
				CLANG_WARN_BOOL_CONVERSION = YES;
				CLANG_WARN_CONSTANT_CONVERSION = YES;
				CLANG_WARN_DIRECT_OBJC_ISA_USAGE = YES_ERROR;
				CLANG_WARN_EMPTY_BODY = YES;
				CLANG_WARN_ENUM_CONVERSION = YES;
				CLANG_WARN_INT_CONVERSION = YES;
				CLANG_WARN_OBJC_ROOT_CLASS = YES_ERROR;
				CLANG_WARN__DUPLICATE_METHOD_MATCH = YES;
				"CODE_SIGN_IDENTITY[sdk=iphoneos*]" = "iPhone Developer";
				COPY_PHASE_STRIP = YES;
				ENABLE_NS_ASSERTIONS = NO;
				GCC_C_LANGUAGE_STANDARD = gnu99;
				GCC_WARN_64_TO_32_BIT_CONVERSION = YES;
				GCC_WARN_ABOUT_RETURN_TYPE = YES_ERROR;
				GCC_WARN_UNDECLARED_SELECTOR = YES;
				GCC_WARN_UNINITIALIZED_AUTOS = YES;
				GCC_WARN_UNUSED_FUNCTION = YES;
				GCC_WARN_UNUSED_VARIABLE = YES;
				IPHONEOS_DEPLOYMENT_TARGET = 7.0;
				SDKROOT = iphoneos;
				VALIDATE_PRODUCT = YES;
			};
			name = Release;
		};
		1942D96F1869619F00B87C64 /* Debug */ = {
			isa = XCBuildConfiguration;
			buildSettings = {
				ASSETCATALOG_COMPILER_APPICON_NAME = AppIcon;
				ASSETCATALOG_COMPILER_LAUNCHIMAGE_NAME = LaunchImage;
				GCC_PRECOMPILE_PREFIX_HEADER = YES;
				GCC_PREFIX_HEADER = "Rhea/Rhea-Prefix.pch";
				INFOPLIST_FILE = "Rhea/Rhea-Info.plist";
				PRODUCT_NAME = "$(TARGET_NAME)";
				WRAPPER_EXTENSION = app;
			};
			name = Debug;
		};
		1942D9701869619F00B87C64 /* Release */ = {
			isa = XCBuildConfiguration;
			buildSettings = {
				ASSETCATALOG_COMPILER_APPICON_NAME = AppIcon;
				ASSETCATALOG_COMPILER_LAUNCHIMAGE_NAME = LaunchImage;
				GCC_PRECOMPILE_PREFIX_HEADER = YES;
				GCC_PREFIX_HEADER = "Rhea/Rhea-Prefix.pch";
				INFOPLIST_FILE = "Rhea/Rhea-Info.plist";
				PRODUCT_NAME = "$(TARGET_NAME)";
				WRAPPER_EXTENSION = app;
			};
			name = Release;
		};
		1942D9721869619F00B87C64 /* Debug */ = {
			isa = XCBuildConfiguration;
			buildSettings = {
				ARCHS = "$(ARCHS_STANDARD_INCLUDING_64_BIT)";
				BUNDLE_LOADER = "$(BUILT_PRODUCTS_DIR)/Rhea.app/Rhea";
				FRAMEWORK_SEARCH_PATHS = (
					"$(SDKROOT)/Developer/Library/Frameworks",
					"$(inherited)",
					"$(DEVELOPER_FRAMEWORKS_DIR)",
				);
				GCC_PRECOMPILE_PREFIX_HEADER = YES;
				GCC_PREFIX_HEADER = "Rhea/Rhea-Prefix.pch";
				GCC_PREPROCESSOR_DEFINITIONS = (
					"DEBUG=1",
					"$(inherited)",
				);
				INFOPLIST_FILE = "RheaTests/RheaTests-Info.plist";
				PRODUCT_NAME = "$(TARGET_NAME)";
				TEST_HOST = "$(BUNDLE_LOADER)";
				WRAPPER_EXTENSION = xctest;
			};
			name = Debug;
		};
		1942D9731869619F00B87C64 /* Release */ = {
			isa = XCBuildConfiguration;
			buildSettings = {
				ARCHS = "$(ARCHS_STANDARD_INCLUDING_64_BIT)";
				BUNDLE_LOADER = "$(BUILT_PRODUCTS_DIR)/Rhea.app/Rhea";
				FRAMEWORK_SEARCH_PATHS = (
					"$(SDKROOT)/Developer/Library/Frameworks",
					"$(inherited)",
					"$(DEVELOPER_FRAMEWORKS_DIR)",
				);
				GCC_PRECOMPILE_PREFIX_HEADER = YES;
				GCC_PREFIX_HEADER = "Rhea/Rhea-Prefix.pch";
				INFOPLIST_FILE = "RheaTests/RheaTests-Info.plist";
				PRODUCT_NAME = "$(TARGET_NAME)";
				TEST_HOST = "$(BUNDLE_LOADER)";
				WRAPPER_EXTENSION = xctest;
			};
			name = Release;
		};
/* End XCBuildConfiguration section */

/* Begin XCConfigurationList section */
		1942D93D1869619E00B87C64 /* Build configuration list for PBXProject "Rhea" */ = {
			isa = XCConfigurationList;
			buildConfigurations = (
				1942D96C1869619F00B87C64 /* Debug */,
				1942D96D1869619F00B87C64 /* Release */,
			);
			defaultConfigurationIsVisible = 0;
			defaultConfigurationName = Release;
		};
		1942D96E1869619F00B87C64 /* Build configuration list for PBXNativeTarget "Rhea" */ = {
			isa = XCConfigurationList;
			buildConfigurations = (
				1942D96F1869619F00B87C64 /* Debug */,
				1942D9701869619F00B87C64 /* Release */,
			);
			defaultConfigurationIsVisible = 0;
		};
		1942D9711869619F00B87C64 /* Build configuration list for PBXNativeTarget "RheaTests" */ = {
			isa = XCConfigurationList;
			buildConfigurations = (
				1942D9721869619F00B87C64 /* Debug */,
				1942D9731869619F00B87C64 /* Release */,
			);
			defaultConfigurationIsVisible = 0;
		};
/* End XCConfigurationList section */
	};
	rootObject = 1942D93A1869619E00B87C64 /* Project object */;
}
